// !$*UTF8*$!
{
	archiveVersion = 1;
	classes = {
	};
	objectVersion = 56;
	objects = {

/* Begin PBXBuildFile section */
		AA11D0D12A32E279007B6A1F /* VideoRecorderService.swift in Sources */ = {isa = PBXBuildFile; fileRef = AA11D0D02A32E279007B6A1F /* VideoRecorderService.swift */; };
		AA11D0D32A32FBDB007B6A1F /* Array+Subscript.swift in Sources */ = {isa = PBXBuildFile; fileRef = AA11D0D22A32FBDB007B6A1F /* Array+Subscript.swift */; };
		AA11D0D62A330870007B6A1F /* PlayVideoViewController.swift in Sources */ = {isa = PBXBuildFile; fileRef = AA11D0D52A330870007B6A1F /* PlayVideoViewController.swift */; };
		AA11D0D92A3328B8007B6A1F /* PlayControlView.swift in Sources */ = {isa = PBXBuildFile; fileRef = AA11D0D82A3328B8007B6A1F /* PlayControlView.swift */; };
		AA11D0DB2A333AF6007B6A1F /* PlayVideoViewModel.swift in Sources */ = {isa = PBXBuildFile; fileRef = AA11D0DA2A333AF6007B6A1F /* PlayVideoViewModel.swift */; };
		AA11D0DD2A3354A7007B6A1F /* CMTime+formattedTime.swift in Sources */ = {isa = PBXBuildFile; fileRef = AA11D0DC2A3354A7007B6A1F /* CMTime+formattedTime.swift */; };
		AA4465D72A30A3440086F82D /* RecordVideoViewModel.swift in Sources */ = {isa = PBXBuildFile; fileRef = AA4465D62A30A3440086F82D /* RecordVideoViewModel.swift */; };
		AA4465D92A30B24A0086F82D /* RecordControlView.swift in Sources */ = {isa = PBXBuildFile; fileRef = AA4465D82A30B24A0086F82D /* RecordControlView.swift */; };
		AA4465DD2A31033D0086F82D /* DataTransferObject.swift in Sources */ = {isa = PBXBuildFile; fileRef = AA4465DC2A31033D0086F82D /* DataTransferObject.swift */; };
		AA4465DF2A3103730086F82D /* DataAccessObject.swift in Sources */ = {isa = PBXBuildFile; fileRef = AA4465DE2A3103730086F82D /* DataAccessObject.swift */; };
		AA4465E42A3199730086F82D /* Recorder.swift in Sources */ = {isa = PBXBuildFile; fileRef = AA4465E32A3199730086F82D /* Recorder.swift */; };
		AA4465E82A319E3C0086F82D /* URL+createURL.swift in Sources */ = {isa = PBXBuildFile; fileRef = AA4465E72A319E3C0086F82D /* URL+createURL.swift */; };
		AA4465EA2A31A8BA0086F82D /* GoogleService-Info.plist in Resources */ = {isa = PBXBuildFile; fileRef = AA4465E92A31A8BA0086F82D /* GoogleService-Info.plist */; };
		AA4465ED2A31AE3C0086F82D /* FirebaseStorage in Frameworks */ = {isa = PBXBuildFile; productRef = AA4465EC2A31AE3C0086F82D /* FirebaseStorage */; };
		AA4E03BB2A3422A70043E761 /* LoadingView.swift in Sources */ = {isa = PBXBuildFile; fileRef = AA4E03BA2A3422A70043E761 /* LoadingView.swift */; };
		AA4E03BE2A3444730043E761 /* FirebaseManager.swift in Sources */ = {isa = PBXBuildFile; fileRef = AA4E03BD2A3444730043E761 /* FirebaseManager.swift */; };
		AA4E03C02A344E6E0043E761 /* CodeManager.swift in Sources */ = {isa = PBXBuildFile; fileRef = AA4E03BF2A344E6E0043E761 /* CodeManager.swift */; };
		AA85181D2A2DBC5E00554FA7 /* AppDelegate.swift in Sources */ = {isa = PBXBuildFile; fileRef = AA85181C2A2DBC5E00554FA7 /* AppDelegate.swift */; };
		AA85181F2A2DBC5E00554FA7 /* SceneDelegate.swift in Sources */ = {isa = PBXBuildFile; fileRef = AA85181E2A2DBC5E00554FA7 /* SceneDelegate.swift */; };
		AA8518212A2DBC5E00554FA7 /* VideoListViewController.swift in Sources */ = {isa = PBXBuildFile; fileRef = AA8518202A2DBC5E00554FA7 /* VideoListViewController.swift */; };
		AA8518262A2DBC5F00554FA7 /* Assets.xcassets in Resources */ = {isa = PBXBuildFile; fileRef = AA8518252A2DBC5F00554FA7 /* Assets.xcassets */; };
		AA8518292A2DBC5F00554FA7 /* LaunchScreen.storyboard in Resources */ = {isa = PBXBuildFile; fileRef = AA8518272A2DBC5F00554FA7 /* LaunchScreen.storyboard */; };
		AA8518362A2E0E7700554FA7 /* RecordVideoViewController.swift in Sources */ = {isa = PBXBuildFile; fileRef = AA8518352A2E0E7700554FA7 /* RecordVideoViewController.swift */; };
		AA8518382A2ECA5E00554FA7 /* Video.swift in Sources */ = {isa = PBXBuildFile; fileRef = AA8518372A2ECA5E00554FA7 /* Video.swift */; };
		AA85183C2A2ECEA300554FA7 /* UICollectionViewCell+ReuseIdentifying.swift in Sources */ = {isa = PBXBuildFile; fileRef = AA85183B2A2ECEA300554FA7 /* UICollectionViewCell+ReuseIdentifying.swift */; };
		AA8518422A2ED07600554FA7 /* VideoListCell.swift in Sources */ = {isa = PBXBuildFile; fileRef = AA8518412A2ED07600554FA7 /* VideoListCell.swift */; };
		AA8518442A2EF05900554FA7 /* VideoListViewModel.swift in Sources */ = {isa = PBXBuildFile; fileRef = AA8518432A2EF05900554FA7 /* VideoListViewModel.swift */; };
		AA8518482A2EF11100554FA7 /* VideoManager.swift in Sources */ = {isa = PBXBuildFile; fileRef = AA8518472A2EF11100554FA7 /* VideoManager.swift */; };
		AA97DC322A31EAF500AFBC7B /* CoreData.xcdatamodeld in Sources */ = {isa = PBXBuildFile; fileRef = AA97DC302A31EAF500AFBC7B /* CoreData.xcdatamodeld */; };
		AA97DC352A31EB2D00AFBC7B /* VideoEntity+CoreDataClass.swift in Sources */ = {isa = PBXBuildFile; fileRef = AA97DC332A31EB2D00AFBC7B /* VideoEntity+CoreDataClass.swift */; };
		AA97DC382A31EBCF00AFBC7B /* CoreDataManager.swift in Sources */ = {isa = PBXBuildFile; fileRef = AA97DC372A31EBCF00AFBC7B /* CoreDataManager.swift */; };
		AA97DC3A2A32112000AFBC7B /* DateFormatter+dateToText.swift in Sources */ = {isa = PBXBuildFile; fileRef = AA97DC392A32112000AFBC7B /* DateFormatter+dateToText.swift */; };
		AA97DC3D2A322BF900AFBC7B /* AlertManager.swift in Sources */ = {isa = PBXBuildFile; fileRef = AA97DC3C2A322BF900AFBC7B /* AlertManager.swift */; };
		AADDCD0D2A33821E0090D55B /* TimerManager.swift in Sources */ = {isa = PBXBuildFile; fileRef = AADDCD0C2A33821E0090D55B /* TimerManager.swift */; };
		AADDCD132A3393710090D55B /* ThumbnailManager.swift in Sources */ = {isa = PBXBuildFile; fileRef = AADDCD122A3393710090D55B /* ThumbnailManager.swift */; };
/* End PBXBuildFile section */

/* Begin PBXFileReference section */
		AA11D0D02A32E279007B6A1F /* VideoRecorderService.swift */ = {isa = PBXFileReference; lastKnownFileType = sourcecode.swift; path = VideoRecorderService.swift; sourceTree = "<group>"; };
		AA11D0D22A32FBDB007B6A1F /* Array+Subscript.swift */ = {isa = PBXFileReference; lastKnownFileType = sourcecode.swift; path = "Array+Subscript.swift"; sourceTree = "<group>"; };
		AA11D0D52A330870007B6A1F /* PlayVideoViewController.swift */ = {isa = PBXFileReference; lastKnownFileType = sourcecode.swift; path = PlayVideoViewController.swift; sourceTree = "<group>"; };
		AA11D0D82A3328B8007B6A1F /* PlayControlView.swift */ = {isa = PBXFileReference; lastKnownFileType = sourcecode.swift; path = PlayControlView.swift; sourceTree = "<group>"; };
		AA11D0DA2A333AF6007B6A1F /* PlayVideoViewModel.swift */ = {isa = PBXFileReference; lastKnownFileType = sourcecode.swift; path = PlayVideoViewModel.swift; sourceTree = "<group>"; };
		AA11D0DC2A3354A7007B6A1F /* CMTime+formattedTime.swift */ = {isa = PBXFileReference; lastKnownFileType = sourcecode.swift; path = "CMTime+formattedTime.swift"; sourceTree = "<group>"; };
		AA4465D62A30A3440086F82D /* RecordVideoViewModel.swift */ = {isa = PBXFileReference; lastKnownFileType = sourcecode.swift; path = RecordVideoViewModel.swift; sourceTree = "<group>"; };
		AA4465D82A30B24A0086F82D /* RecordControlView.swift */ = {isa = PBXFileReference; lastKnownFileType = sourcecode.swift; path = RecordControlView.swift; sourceTree = "<group>"; };
		AA4465DC2A31033D0086F82D /* DataTransferObject.swift */ = {isa = PBXFileReference; lastKnownFileType = sourcecode.swift; path = DataTransferObject.swift; sourceTree = "<group>"; };
		AA4465DE2A3103730086F82D /* DataAccessObject.swift */ = {isa = PBXFileReference; lastKnownFileType = sourcecode.swift; path = DataAccessObject.swift; sourceTree = "<group>"; };
		AA4465E32A3199730086F82D /* Recorder.swift */ = {isa = PBXFileReference; lastKnownFileType = sourcecode.swift; path = Recorder.swift; sourceTree = "<group>"; };
		AA4465E72A319E3C0086F82D /* URL+createURL.swift */ = {isa = PBXFileReference; lastKnownFileType = sourcecode.swift; path = "URL+createURL.swift"; sourceTree = "<group>"; };
		AA4465E92A31A8BA0086F82D /* GoogleService-Info.plist */ = {isa = PBXFileReference; fileEncoding = 4; lastKnownFileType = text.plist.xml; path = "GoogleService-Info.plist"; sourceTree = "<group>"; };
		AA4E03BA2A3422A70043E761 /* LoadingView.swift */ = {isa = PBXFileReference; lastKnownFileType = sourcecode.swift; path = LoadingView.swift; sourceTree = "<group>"; };
		AA4E03BD2A3444730043E761 /* FirebaseManager.swift */ = {isa = PBXFileReference; lastKnownFileType = sourcecode.swift; name = FirebaseManager.swift; path = VideoRecorder/Source/VideoList/FirebaseManager.swift; sourceTree = SOURCE_ROOT; };
		AA4E03BF2A344E6E0043E761 /* CodeManager.swift */ = {isa = PBXFileReference; lastKnownFileType = sourcecode.swift; name = CodeManager.swift; path = VideoRecorder/Source/VideoList/CodeManager.swift; sourceTree = SOURCE_ROOT; };
		AA8518192A2DBC5E00554FA7 /* VideoRecorder.app */ = {isa = PBXFileReference; explicitFileType = wrapper.application; includeInIndex = 0; path = VideoRecorder.app; sourceTree = BUILT_PRODUCTS_DIR; };
		AA85181C2A2DBC5E00554FA7 /* AppDelegate.swift */ = {isa = PBXFileReference; lastKnownFileType = sourcecode.swift; path = AppDelegate.swift; sourceTree = "<group>"; };
		AA85181E2A2DBC5E00554FA7 /* SceneDelegate.swift */ = {isa = PBXFileReference; lastKnownFileType = sourcecode.swift; path = SceneDelegate.swift; sourceTree = "<group>"; };
		AA8518202A2DBC5E00554FA7 /* VideoListViewController.swift */ = {isa = PBXFileReference; lastKnownFileType = sourcecode.swift; path = VideoListViewController.swift; sourceTree = "<group>"; };
		AA8518252A2DBC5F00554FA7 /* Assets.xcassets */ = {isa = PBXFileReference; lastKnownFileType = folder.assetcatalog; path = Assets.xcassets; sourceTree = "<group>"; };
		AA8518282A2DBC5F00554FA7 /* Base */ = {isa = PBXFileReference; lastKnownFileType = file.storyboard; name = Base; path = Base.lproj/LaunchScreen.storyboard; sourceTree = "<group>"; };
		AA85182A2A2DBC5F00554FA7 /* Info.plist */ = {isa = PBXFileReference; lastKnownFileType = text.plist.xml; path = Info.plist; sourceTree = "<group>"; };
		AA8518352A2E0E7700554FA7 /* RecordVideoViewController.swift */ = {isa = PBXFileReference; lastKnownFileType = sourcecode.swift; path = RecordVideoViewController.swift; sourceTree = "<group>"; };
		AA8518372A2ECA5E00554FA7 /* Video.swift */ = {isa = PBXFileReference; lastKnownFileType = sourcecode.swift; path = Video.swift; sourceTree = "<group>"; };
		AA85183B2A2ECEA300554FA7 /* UICollectionViewCell+ReuseIdentifying.swift */ = {isa = PBXFileReference; lastKnownFileType = sourcecode.swift; path = "UICollectionViewCell+ReuseIdentifying.swift"; sourceTree = "<group>"; };
		AA8518412A2ED07600554FA7 /* VideoListCell.swift */ = {isa = PBXFileReference; lastKnownFileType = sourcecode.swift; path = VideoListCell.swift; sourceTree = "<group>"; };
		AA8518432A2EF05900554FA7 /* VideoListViewModel.swift */ = {isa = PBXFileReference; lastKnownFileType = sourcecode.swift; path = VideoListViewModel.swift; sourceTree = "<group>"; };
		AA8518472A2EF11100554FA7 /* VideoManager.swift */ = {isa = PBXFileReference; lastKnownFileType = sourcecode.swift; path = VideoManager.swift; sourceTree = "<group>"; };
		AA97DC312A31EAF500AFBC7B /* CoreData.xcdatamodel */ = {isa = PBXFileReference; lastKnownFileType = wrapper.xcdatamodel; path = CoreData.xcdatamodel; sourceTree = "<group>"; };
		AA97DC332A31EB2D00AFBC7B /* VideoEntity+CoreDataClass.swift */ = {isa = PBXFileReference; lastKnownFileType = sourcecode.swift; path = "VideoEntity+CoreDataClass.swift"; sourceTree = "<group>"; };
		AA97DC372A31EBCF00AFBC7B /* CoreDataManager.swift */ = {isa = PBXFileReference; lastKnownFileType = sourcecode.swift; path = CoreDataManager.swift; sourceTree = "<group>"; };
		AA97DC392A32112000AFBC7B /* DateFormatter+dateToText.swift */ = {isa = PBXFileReference; lastKnownFileType = sourcecode.swift; path = "DateFormatter+dateToText.swift"; sourceTree = "<group>"; };
		AA97DC3C2A322BF900AFBC7B /* AlertManager.swift */ = {isa = PBXFileReference; lastKnownFileType = sourcecode.swift; path = AlertManager.swift; sourceTree = "<group>"; };
		AADDCD0C2A33821E0090D55B /* TimerManager.swift */ = {isa = PBXFileReference; lastKnownFileType = sourcecode.swift; path = TimerManager.swift; sourceTree = "<group>"; };
		AADDCD122A3393710090D55B /* ThumbnailManager.swift */ = {isa = PBXFileReference; lastKnownFileType = sourcecode.swift; path = ThumbnailManager.swift; sourceTree = "<group>"; };
/* End PBXFileReference section */

/* Begin PBXFrameworksBuildPhase section */
		AA8518162A2DBC5E00554FA7 /* Frameworks */ = {
			isa = PBXFrameworksBuildPhase;
			buildActionMask = 2147483647;
			files = (
				AA4465ED2A31AE3C0086F82D /* FirebaseStorage in Frameworks */,
			);
			runOnlyForDeploymentPostprocessing = 0;
		};
/* End PBXFrameworksBuildPhase section */

/* Begin PBXGroup section */
		AA11D0D42A330834007B6A1F /* PlayVideo */ = {
			isa = PBXGroup;
			children = (
				AA11D0D72A332899007B6A1F /* Components */,
				AA11D0D52A330870007B6A1F /* PlayVideoViewController.swift */,
				AA11D0DA2A333AF6007B6A1F /* PlayVideoViewModel.swift */,
			);
			path = PlayVideo;
			sourceTree = "<group>";
		};
		AA11D0D72A332899007B6A1F /* Components */ = {
			isa = PBXGroup;
			children = (
				AA11D0D82A3328B8007B6A1F /* PlayControlView.swift */,
			);
			path = Components;
			sourceTree = "<group>";
		};
		AA4465DA2A30CABF0086F82D /* Components */ = {
			isa = PBXGroup;
			children = (
				AA4465D82A30B24A0086F82D /* RecordControlView.swift */,
			);
			path = Components;
			sourceTree = "<group>";
		};
		AA4465DB2A3103260086F82D /* Protocol */ = {
			isa = PBXGroup;
			children = (
				AA4465DC2A31033D0086F82D /* DataTransferObject.swift */,
				AA4465DE2A3103730086F82D /* DataAccessObject.swift */,
			);
			path = Protocol;
			sourceTree = "<group>";
		};
		AA4465E22A3199500086F82D /* Manager */ = {
			isa = PBXGroup;
			children = (
				AA4465E32A3199730086F82D /* Recorder.swift */,
				AADDCD0C2A33821E0090D55B /* TimerManager.swift */,
			);
			path = Manager;
			sourceTree = "<group>";
		};
		AA4465F12A31E67A0086F82D /* Remote */ = {
			isa = PBXGroup;
			children = (
				AA4E03BD2A3444730043E761 /* FirebaseManager.swift */,
				AA4E03BF2A344E6E0043E761 /* CodeManager.swift */,
			);
			path = Remote;
			sourceTree = "<group>";
		};
		AA4465F22A31E6800086F82D /* Local */ = {
			isa = PBXGroup;
			children = (
				AA97DC302A31EAF500AFBC7B /* CoreData.xcdatamodeld */,
				AA97DC332A31EB2D00AFBC7B /* VideoEntity+CoreDataClass.swift */,
				AA97DC372A31EBCF00AFBC7B /* CoreDataManager.swift */,
			);
			path = Local;
			sourceTree = "<group>";
		};
		AA8518102A2DBC5E00554FA7 = {
			isa = PBXGroup;
			children = (
				AA85181B2A2DBC5E00554FA7 /* VideoRecorder */,
				AA85181A2A2DBC5E00554FA7 /* Products */,
			);
			sourceTree = "<group>";
		};
		AA85181A2A2DBC5E00554FA7 /* Products */ = {
			isa = PBXGroup;
			children = (
				AA8518192A2DBC5E00554FA7 /* VideoRecorder.app */,
			);
			name = Products;
			sourceTree = "<group>";
		};
		AA85181B2A2DBC5E00554FA7 /* VideoRecorder */ = {
			isa = PBXGroup;
			children = (
				AA8518322A2DBCB500554FA7 /* Application */,
				AA8518312A2DBCAE00554FA7 /* Resources */,
				AA8518302A2DBCA800554FA7 /* Source */,
				AA85182A2A2DBC5F00554FA7 /* Info.plist */,
				AA4465E92A31A8BA0086F82D /* GoogleService-Info.plist */,
			);
			path = VideoRecorder;
			sourceTree = "<group>";
		};
		AA8518302A2DBCA800554FA7 /* Source */ = {
			isa = PBXGroup;
			children = (
				AADDCD142A33A50A0090D55B /* Common */,
				AA8518452A2EF0FA00554FA7 /* Database */,
				AA8518332A2DBD9700554FA7 /* VideoList */,
				AA8518342A2E0E4400554FA7 /* RecordVideo */,
				AA11D0D42A330834007B6A1F /* PlayVideo */,
			);
			path = Source;
			sourceTree = "<group>";
		};
		AA8518312A2DBCAE00554FA7 /* Resources */ = {
			isa = PBXGroup;
			children = (
				AA8518252A2DBC5F00554FA7 /* Assets.xcassets */,
				AA8518272A2DBC5F00554FA7 /* LaunchScreen.storyboard */,
			);
			path = Resources;
			sourceTree = "<group>";
		};
		AA8518322A2DBCB500554FA7 /* Application */ = {
			isa = PBXGroup;
			children = (
				AA85181C2A2DBC5E00554FA7 /* AppDelegate.swift */,
				AA85181E2A2DBC5E00554FA7 /* SceneDelegate.swift */,
			);
			path = Application;
			sourceTree = "<group>";
		};
		AA8518332A2DBD9700554FA7 /* VideoList */ = {
			isa = PBXGroup;
			children = (
				AA8518492A2F54AB00554FA7 /* Components */,
				AA8518202A2DBC5E00554FA7 /* VideoListViewController.swift */,
				AA8518432A2EF05900554FA7 /* VideoListViewModel.swift */,
			);
			path = VideoList;
			sourceTree = "<group>";
		};
		AA8518342A2E0E4400554FA7 /* RecordVideo */ = {
			isa = PBXGroup;
			children = (
				AA4465DA2A30CABF0086F82D /* Components */,
				AA4465E22A3199500086F82D /* Manager */,
				AA8518352A2E0E7700554FA7 /* RecordVideoViewController.swift */,
				AA4465D62A30A3440086F82D /* RecordVideoViewModel.swift */,
			);
			path = RecordVideo;
			sourceTree = "<group>";
		};
		AA85183D2A2ECFA700554FA7 /* Model */ = {
			isa = PBXGroup;
			children = (
				AA8518372A2ECA5E00554FA7 /* Video.swift */,
			);
			path = Model;
			sourceTree = "<group>";
		};
		AA8518402A2ECFC800554FA7 /* Extension */ = {
			isa = PBXGroup;
			children = (
				AA85183B2A2ECEA300554FA7 /* UICollectionViewCell+ReuseIdentifying.swift */,
				AA4465E72A319E3C0086F82D /* URL+createURL.swift */,
				AA97DC392A32112000AFBC7B /* DateFormatter+dateToText.swift */,
				AA11D0D22A32FBDB007B6A1F /* Array+Subscript.swift */,
				AA11D0DC2A3354A7007B6A1F /* CMTime+formattedTime.swift */,
			);
			path = Extension;
			sourceTree = "<group>";
		};
		AA8518452A2EF0FA00554FA7 /* Database */ = {
			isa = PBXGroup;
			children = (
				AA4465F22A31E6800086F82D /* Local */,
				AA4465F12A31E67A0086F82D /* Remote */,
				AA8518462A2EF10200554FA7 /* Manager */,
			);
			path = Database;
			sourceTree = "<group>";
		};
		AA8518462A2EF10200554FA7 /* Manager */ = {
			isa = PBXGroup;
			children = (
				AA8518472A2EF11100554FA7 /* VideoManager.swift */,
				AA11D0D02A32E279007B6A1F /* VideoRecorderService.swift */,
			);
			path = Manager;
			sourceTree = "<group>";
		};
		AA8518492A2F54AB00554FA7 /* Components */ = {
			isa = PBXGroup;
			children = (
				AA8518412A2ED07600554FA7 /* VideoListCell.swift */,
				AA4E03BA2A3422A70043E761 /* LoadingView.swift */,
			);
			path = Components;
			sourceTree = "<group>";
		};
		AA97DC3B2A322BCE00AFBC7B /* Utilitiy */ = {
			isa = PBXGroup;
			children = (
				AA8518402A2ECFC800554FA7 /* Extension */,
				AADDCD122A3393710090D55B /* ThumbnailManager.swift */,
				AA97DC3C2A322BF900AFBC7B /* AlertManager.swift */,
			);
			path = Utilitiy;
			sourceTree = "<group>";
		};
		AADDCD142A33A50A0090D55B /* Common */ = {
			isa = PBXGroup;
			children = (
				AA97DC3B2A322BCE00AFBC7B /* Utilitiy */,
				AA4465DB2A3103260086F82D /* Protocol */,
				AA85183D2A2ECFA700554FA7 /* Model */,
			);
			path = Common;
			sourceTree = "<group>";
		};
/* End PBXGroup section */

/* Begin PBXNativeTarget section */
		AA8518182A2DBC5E00554FA7 /* VideoRecorder */ = {
			isa = PBXNativeTarget;
			buildConfigurationList = AA85182D2A2DBC5F00554FA7 /* Build configuration list for PBXNativeTarget "VideoRecorder" */;
			buildPhases = (
				AA8518152A2DBC5E00554FA7 /* Sources */,
				AA8518162A2DBC5E00554FA7 /* Frameworks */,
				AA8518172A2DBC5E00554FA7 /* Resources */,
			);
			buildRules = (
			);
			dependencies = (
			);
			name = VideoRecorder;
			packageProductDependencies = (
				AA4465EC2A31AE3C0086F82D /* FirebaseStorage */,
			);
			productName = VideoRecorder;
			productReference = AA8518192A2DBC5E00554FA7 /* VideoRecorder.app */;
			productType = "com.apple.product-type.application";
		};
/* End PBXNativeTarget section */

/* Begin PBXProject section */
		AA8518112A2DBC5E00554FA7 /* Project object */ = {
			isa = PBXProject;
			attributes = {
				BuildIndependentTargetsInParallel = 1;
				LastSwiftUpdateCheck = 1420;
				LastUpgradeCheck = 1420;
				TargetAttributes = {
					AA8518182A2DBC5E00554FA7 = {
						CreatedOnToolsVersion = 14.2;
					};
				};
			};
			buildConfigurationList = AA8518142A2DBC5E00554FA7 /* Build configuration list for PBXProject "VideoRecorder" */;
			compatibilityVersion = "Xcode 14.0";
			developmentRegion = en;
			hasScannedForEncodings = 0;
			knownRegions = (
				en,
				Base,
			);
			mainGroup = AA8518102A2DBC5E00554FA7;
			packageReferences = (
				AA4465EB2A31AE3C0086F82D /* XCRemoteSwiftPackageReference "firebase-ios-sdk" */,
			);
			productRefGroup = AA85181A2A2DBC5E00554FA7 /* Products */;
			projectDirPath = "";
			projectRoot = "";
			targets = (
				AA8518182A2DBC5E00554FA7 /* VideoRecorder */,
			);
		};
/* End PBXProject section */

/* Begin PBXResourcesBuildPhase section */
		AA8518172A2DBC5E00554FA7 /* Resources */ = {
			isa = PBXResourcesBuildPhase;
			buildActionMask = 2147483647;
			files = (
				AA8518292A2DBC5F00554FA7 /* LaunchScreen.storyboard in Resources */,
				AA8518262A2DBC5F00554FA7 /* Assets.xcassets in Resources */,
				AA4465EA2A31A8BA0086F82D /* GoogleService-Info.plist in Resources */,
			);
			runOnlyForDeploymentPostprocessing = 0;
		};
/* End PBXResourcesBuildPhase section */

/* Begin PBXSourcesBuildPhase section */
		AA8518152A2DBC5E00554FA7 /* Sources */ = {
			isa = PBXSourcesBuildPhase;
			buildActionMask = 2147483647;
			files = (
				AA8518422A2ED07600554FA7 /* VideoListCell.swift in Sources */,
				AA11D0D32A32FBDB007B6A1F /* Array+Subscript.swift in Sources */,
				AA8518212A2DBC5E00554FA7 /* VideoListViewController.swift in Sources */,
				AA97DC322A31EAF500AFBC7B /* CoreData.xcdatamodeld in Sources */,
				AA97DC382A31EBCF00AFBC7B /* CoreDataManager.swift in Sources */,
				AA85183C2A2ECEA300554FA7 /* UICollectionViewCell+ReuseIdentifying.swift in Sources */,
				AA97DC3D2A322BF900AFBC7B /* AlertManager.swift in Sources */,
				AA4465D72A30A3440086F82D /* RecordVideoViewModel.swift in Sources */,
				AA85181D2A2DBC5E00554FA7 /* AppDelegate.swift in Sources */,
				AA4465DD2A31033D0086F82D /* DataTransferObject.swift in Sources */,
				AA11D0D92A3328B8007B6A1F /* PlayControlView.swift in Sources */,
				AA97DC3A2A32112000AFBC7B /* DateFormatter+dateToText.swift in Sources */,
				AA4E03BE2A3444730043E761 /* FirebaseManager.swift in Sources */,
				AA4E03C02A344E6E0043E761 /* CodeManager.swift in Sources */,
				AA11D0DD2A3354A7007B6A1F /* CMTime+formattedTime.swift in Sources */,
				AA4465DF2A3103730086F82D /* DataAccessObject.swift in Sources */,
				AA97DC352A31EB2D00AFBC7B /* VideoEntity+CoreDataClass.swift in Sources */,
				AADDCD0D2A33821E0090D55B /* TimerManager.swift in Sources */,
				AA4465E82A319E3C0086F82D /* URL+createURL.swift in Sources */,
				AA4E03BB2A3422A70043E761 /* LoadingView.swift in Sources */,
				AA4465D92A30B24A0086F82D /* RecordControlView.swift in Sources */,
				AA11D0D62A330870007B6A1F /* PlayVideoViewController.swift in Sources */,
				AA11D0DB2A333AF6007B6A1F /* PlayVideoViewModel.swift in Sources */,
				AA4465E42A3199730086F82D /* Recorder.swift in Sources */,
				AA11D0D12A32E279007B6A1F /* VideoRecorderService.swift in Sources */,
				AA85181F2A2DBC5E00554FA7 /* SceneDelegate.swift in Sources */,
				AA8518442A2EF05900554FA7 /* VideoListViewModel.swift in Sources */,
				AADDCD132A3393710090D55B /* ThumbnailManager.swift in Sources */,
				AA8518362A2E0E7700554FA7 /* RecordVideoViewController.swift in Sources */,
				AA8518482A2EF11100554FA7 /* VideoManager.swift in Sources */,
				AA8518382A2ECA5E00554FA7 /* Video.swift in Sources */,
			);
			runOnlyForDeploymentPostprocessing = 0;
		};
/* End PBXSourcesBuildPhase section */

/* Begin PBXVariantGroup section */
		AA8518272A2DBC5F00554FA7 /* LaunchScreen.storyboard */ = {
			isa = PBXVariantGroup;
			children = (
				AA8518282A2DBC5F00554FA7 /* Base */,
			);
			name = LaunchScreen.storyboard;
			sourceTree = "<group>";
		};
/* End PBXVariantGroup section */

/* Begin XCBuildConfiguration section */
		AA85182B2A2DBC5F00554FA7 /* Debug */ = {
			isa = XCBuildConfiguration;
			buildSettings = {
				ALWAYS_SEARCH_USER_PATHS = NO;
				CLANG_ANALYZER_NONNULL = YES;
				CLANG_ANALYZER_NUMBER_OBJECT_CONVERSION = YES_AGGRESSIVE;
				CLANG_CXX_LANGUAGE_STANDARD = "gnu++20";
				CLANG_ENABLE_MODULES = YES;
				CLANG_ENABLE_OBJC_ARC = YES;
				CLANG_ENABLE_OBJC_WEAK = YES;
				CLANG_WARN_BLOCK_CAPTURE_AUTORELEASING = YES;
				CLANG_WARN_BOOL_CONVERSION = YES;
				CLANG_WARN_COMMA = YES;
				CLANG_WARN_CONSTANT_CONVERSION = YES;
				CLANG_WARN_DEPRECATED_OBJC_IMPLEMENTATIONS = YES;
				CLANG_WARN_DIRECT_OBJC_ISA_USAGE = YES_ERROR;
				CLANG_WARN_DOCUMENTATION_COMMENTS = YES;
				CLANG_WARN_EMPTY_BODY = YES;
				CLANG_WARN_ENUM_CONVERSION = YES;
				CLANG_WARN_INFINITE_RECURSION = YES;
				CLANG_WARN_INT_CONVERSION = YES;
				CLANG_WARN_NON_LITERAL_NULL_CONVERSION = YES;
				CLANG_WARN_OBJC_IMPLICIT_RETAIN_SELF = YES;
				CLANG_WARN_OBJC_LITERAL_CONVERSION = YES;
				CLANG_WARN_OBJC_ROOT_CLASS = YES_ERROR;
				CLANG_WARN_QUOTED_INCLUDE_IN_FRAMEWORK_HEADER = YES;
				CLANG_WARN_RANGE_LOOP_ANALYSIS = YES;
				CLANG_WARN_STRICT_PROTOTYPES = YES;
				CLANG_WARN_SUSPICIOUS_MOVE = YES;
				CLANG_WARN_UNGUARDED_AVAILABILITY = YES_AGGRESSIVE;
				CLANG_WARN_UNREACHABLE_CODE = YES;
				CLANG_WARN__DUPLICATE_METHOD_MATCH = YES;
				COPY_PHASE_STRIP = NO;
				DEBUG_INFORMATION_FORMAT = dwarf;
				ENABLE_STRICT_OBJC_MSGSEND = YES;
				ENABLE_TESTABILITY = YES;
				GCC_C_LANGUAGE_STANDARD = gnu11;
				GCC_DYNAMIC_NO_PIC = NO;
				GCC_NO_COMMON_BLOCKS = YES;
				GCC_OPTIMIZATION_LEVEL = 0;
				GCC_PREPROCESSOR_DEFINITIONS = (
					"DEBUG=1",
					"$(inherited)",
				);
				GCC_WARN_64_TO_32_BIT_CONVERSION = YES;
				GCC_WARN_ABOUT_RETURN_TYPE = YES_ERROR;
				GCC_WARN_UNDECLARED_SELECTOR = YES;
				GCC_WARN_UNINITIALIZED_AUTOS = YES_AGGRESSIVE;
				GCC_WARN_UNUSED_FUNCTION = YES;
				GCC_WARN_UNUSED_VARIABLE = YES;
				IPHONEOS_DEPLOYMENT_TARGET = 14.0;
				MTL_ENABLE_DEBUG_INFO = INCLUDE_SOURCE;
				MTL_FAST_MATH = YES;
				ONLY_ACTIVE_ARCH = YES;
				SDKROOT = iphoneos;
				SWIFT_ACTIVE_COMPILATION_CONDITIONS = DEBUG;
				SWIFT_OPTIMIZATION_LEVEL = "-Onone";
			};
			name = Debug;
		};
		AA85182C2A2DBC5F00554FA7 /* Release */ = {
			isa = XCBuildConfiguration;
			buildSettings = {
				ALWAYS_SEARCH_USER_PATHS = NO;
				CLANG_ANALYZER_NONNULL = YES;
				CLANG_ANALYZER_NUMBER_OBJECT_CONVERSION = YES_AGGRESSIVE;
				CLANG_CXX_LANGUAGE_STANDARD = "gnu++20";
				CLANG_ENABLE_MODULES = YES;
				CLANG_ENABLE_OBJC_ARC = YES;
				CLANG_ENABLE_OBJC_WEAK = YES;
				CLANG_WARN_BLOCK_CAPTURE_AUTORELEASING = YES;
				CLANG_WARN_BOOL_CONVERSION = YES;
				CLANG_WARN_COMMA = YES;
				CLANG_WARN_CONSTANT_CONVERSION = YES;
				CLANG_WARN_DEPRECATED_OBJC_IMPLEMENTATIONS = YES;
				CLANG_WARN_DIRECT_OBJC_ISA_USAGE = YES_ERROR;
				CLANG_WARN_DOCUMENTATION_COMMENTS = YES;
				CLANG_WARN_EMPTY_BODY = YES;
				CLANG_WARN_ENUM_CONVERSION = YES;
				CLANG_WARN_INFINITE_RECURSION = YES;
				CLANG_WARN_INT_CONVERSION = YES;
				CLANG_WARN_NON_LITERAL_NULL_CONVERSION = YES;
				CLANG_WARN_OBJC_IMPLICIT_RETAIN_SELF = YES;
				CLANG_WARN_OBJC_LITERAL_CONVERSION = YES;
				CLANG_WARN_OBJC_ROOT_CLASS = YES_ERROR;
				CLANG_WARN_QUOTED_INCLUDE_IN_FRAMEWORK_HEADER = YES;
				CLANG_WARN_RANGE_LOOP_ANALYSIS = YES;
				CLANG_WARN_STRICT_PROTOTYPES = YES;
				CLANG_WARN_SUSPICIOUS_MOVE = YES;
				CLANG_WARN_UNGUARDED_AVAILABILITY = YES_AGGRESSIVE;
				CLANG_WARN_UNREACHABLE_CODE = YES;
				CLANG_WARN__DUPLICATE_METHOD_MATCH = YES;
				COPY_PHASE_STRIP = NO;
				DEBUG_INFORMATION_FORMAT = "dwarf-with-dsym";
				ENABLE_NS_ASSERTIONS = NO;
				ENABLE_STRICT_OBJC_MSGSEND = YES;
				GCC_C_LANGUAGE_STANDARD = gnu11;
				GCC_NO_COMMON_BLOCKS = YES;
				GCC_WARN_64_TO_32_BIT_CONVERSION = YES;
				GCC_WARN_ABOUT_RETURN_TYPE = YES_ERROR;
				GCC_WARN_UNDECLARED_SELECTOR = YES;
				GCC_WARN_UNINITIALIZED_AUTOS = YES_AGGRESSIVE;
				GCC_WARN_UNUSED_FUNCTION = YES;
				GCC_WARN_UNUSED_VARIABLE = YES;
				IPHONEOS_DEPLOYMENT_TARGET = 14.0;
				MTL_ENABLE_DEBUG_INFO = NO;
				MTL_FAST_MATH = YES;
				SDKROOT = iphoneos;
				SWIFT_COMPILATION_MODE = wholemodule;
				SWIFT_OPTIMIZATION_LEVEL = "-O";
				VALIDATE_PRODUCT = YES;
			};
			name = Release;
		};
		AA85182E2A2DBC5F00554FA7 /* Debug */ = {
			isa = XCBuildConfiguration;
			buildSettings = {
				ASSETCATALOG_COMPILER_APPICON_NAME = AppIcon;
				ASSETCATALOG_COMPILER_GLOBAL_ACCENT_COLOR_NAME = AccentColor;
				CODE_SIGN_STYLE = Automatic;
				CURRENT_PROJECT_VERSION = 1;
				DEVELOPMENT_TEAM = T868XQH9V2;
				GENERATE_INFOPLIST_FILE = YES;
				INFOPLIST_FILE = VideoRecorder/Info.plist;
				INFOPLIST_KEY_UIApplicationSupportsIndirectInputEvents = YES;
				INFOPLIST_KEY_UILaunchStoryboardName = LaunchScreen;
				INFOPLIST_KEY_UISupportedInterfaceOrientations_iPad = "UIInterfaceOrientationPortrait UIInterfaceOrientationPortraitUpsideDown UIInterfaceOrientationLandscapeLeft UIInterfaceOrientationLandscapeRight";
				INFOPLIST_KEY_UISupportedInterfaceOrientations_iPhone = "UIInterfaceOrientationPortrait UIInterfaceOrientationLandscapeLeft UIInterfaceOrientationLandscapeRight";
				IPHONEOS_DEPLOYMENT_TARGET = 14.0;
				LD_RUNPATH_SEARCH_PATHS = (
					"$(inherited)",
					"@executable_path/Frameworks",
				);
				MARKETING_VERSION = 1.0;
				PRODUCT_BUNDLE_IDENTIFIER = hrcho.VideoRecorder;
				PRODUCT_NAME = "$(TARGET_NAME)";
				SWIFT_EMIT_LOC_STRINGS = YES;
				SWIFT_VERSION = 5.0;
				TARGETED_DEVICE_FAMILY = "1,2";
			};
			name = Debug;
		};
		AA85182F2A2DBC5F00554FA7 /* Release */ = {
			isa = XCBuildConfiguration;
			buildSettings = {
				ASSETCATALOG_COMPILER_APPICON_NAME = AppIcon;
				ASSETCATALOG_COMPILER_GLOBAL_ACCENT_COLOR_NAME = AccentColor;
				CODE_SIGN_STYLE = Automatic;
				CURRENT_PROJECT_VERSION = 1;
				DEVELOPMENT_TEAM = T868XQH9V2;
				GENERATE_INFOPLIST_FILE = YES;
				INFOPLIST_FILE = VideoRecorder/Info.plist;
				INFOPLIST_KEY_UIApplicationSupportsIndirectInputEvents = YES;
				INFOPLIST_KEY_UILaunchStoryboardName = LaunchScreen;
				INFOPLIST_KEY_UISupportedInterfaceOrientations_iPad = "UIInterfaceOrientationPortrait UIInterfaceOrientationPortraitUpsideDown UIInterfaceOrientationLandscapeLeft UIInterfaceOrientationLandscapeRight";
				INFOPLIST_KEY_UISupportedInterfaceOrientations_iPhone = "UIInterfaceOrientationPortrait UIInterfaceOrientationLandscapeLeft UIInterfaceOrientationLandscapeRight";
				IPHONEOS_DEPLOYMENT_TARGET = 14.0;
				LD_RUNPATH_SEARCH_PATHS = (
					"$(inherited)",
					"@executable_path/Frameworks",
				);
				MARKETING_VERSION = 1.0;
				PRODUCT_BUNDLE_IDENTIFIER = hrcho.VideoRecorder;
				PRODUCT_NAME = "$(TARGET_NAME)";
				SWIFT_EMIT_LOC_STRINGS = YES;
				SWIFT_VERSION = 5.0;
				TARGETED_DEVICE_FAMILY = "1,2";
			};
			name = Release;
		};
/* End XCBuildConfiguration section */

/* Begin XCConfigurationList section */
		AA8518142A2DBC5E00554FA7 /* Build configuration list for PBXProject "VideoRecorder" */ = {
			isa = XCConfigurationList;
			buildConfigurations = (
				AA85182B2A2DBC5F00554FA7 /* Debug */,
				AA85182C2A2DBC5F00554FA7 /* Release */,
			);
			defaultConfigurationIsVisible = 0;
			defaultConfigurationName = Release;
		};
		AA85182D2A2DBC5F00554FA7 /* Build configuration list for PBXNativeTarget "VideoRecorder" */ = {
			isa = XCConfigurationList;
			buildConfigurations = (
				AA85182E2A2DBC5F00554FA7 /* Debug */,
				AA85182F2A2DBC5F00554FA7 /* Release */,
			);
			defaultConfigurationIsVisible = 0;
			defaultConfigurationName = Release;
		};
/* End XCConfigurationList section */

/* Begin XCRemoteSwiftPackageReference section */
		AA4465EB2A31AE3C0086F82D /* XCRemoteSwiftPackageReference "firebase-ios-sdk" */ = {
			isa = XCRemoteSwiftPackageReference;
			repositoryURL = "https://github.com/firebase/firebase-ios-sdk";
			requirement = {
				kind = upToNextMajorVersion;
				minimumVersion = 10.0.0;
			};
		};
/* End XCRemoteSwiftPackageReference section */

/* Begin XCSwiftPackageProductDependency section */
		AA4465EC2A31AE3C0086F82D /* FirebaseStorage */ = {
			isa = XCSwiftPackageProductDependency;
			package = AA4465EB2A31AE3C0086F82D /* XCRemoteSwiftPackageReference "firebase-ios-sdk" */;
			productName = FirebaseStorage;
		};
/* End XCSwiftPackageProductDependency section */

/* Begin XCVersionGroup section */
		AA97DC302A31EAF500AFBC7B /* CoreData.xcdatamodeld */ = {
			isa = XCVersionGroup;
			children = (
				AA97DC312A31EAF500AFBC7B /* CoreData.xcdatamodel */,
			);
			currentVersion = AA97DC312A31EAF500AFBC7B /* CoreData.xcdatamodel */;
			name = CoreData.xcdatamodeld;
			path = ../../../../CoreData.xcdatamodeld;
			sourceTree = "<group>";
			versionGroupType = wrapper.xcdatamodel;
		};
/* End XCVersionGroup section */
	};
	rootObject = AA8518112A2DBC5E00554FA7 /* Project object */;
}
