// !$*UTF8*$!
{
	archiveVersion = 1;
	classes = {
	};
	objectVersion = 56;
	objects = {

/* Begin PBXBuildFile section */
		462558EE28F582B400126D09 /* SampleVideo.mp4 in Resources */ = {isa = PBXBuildFile; fileRef = 462558ED28F582B400126D09 /* SampleVideo.mp4 */; };
		4680CB7928F980B200DA4E90 /* VideoListViewController.swift in Sources */ = {isa = PBXBuildFile; fileRef = 4680CB5028F980B200DA4E90 /* VideoListViewController.swift */; };
		4680CB7A28F980B200DA4E90 /* CustomTitleView.swift in Sources */ = {isa = PBXBuildFile; fileRef = 4680CB5228F980B200DA4E90 /* CustomTitleView.swift */; };
		4680CB7B28F980B200DA4E90 /* VideoListTableViewCell.swift in Sources */ = {isa = PBXBuildFile; fileRef = 4680CB5328F980B200DA4E90 /* VideoListTableViewCell.swift */; };
		4680CB7C28F980B200DA4E90 /* VideoListView.swift in Sources */ = {isa = PBXBuildFile; fileRef = 4680CB5428F980B200DA4E90 /* VideoListView.swift */; };
		4680CB7D28F980B200DA4E90 /* GestureRecognizerPublisher.swift in Sources */ = {isa = PBXBuildFile; fileRef = 4680CB5628F980B200DA4E90 /* GestureRecognizerPublisher.swift */; };
		4680CB7E28F980B200DA4E90 /* UIViewBoundsPublisher.swift in Sources */ = {isa = PBXBuildFile; fileRef = 4680CB5728F980B200DA4E90 /* UIViewBoundsPublisher.swift */; };
		4680CB7F28F980B200DA4E90 /* ObservableView.swift in Sources */ = {isa = PBXBuildFile; fileRef = 4680CB5828F980B200DA4E90 /* ObservableView.swift */; };
		4680CB8028F980B200DA4E90 /* FirebaseManagerError.swift in Sources */ = {isa = PBXBuildFile; fileRef = 4680CB5A28F980B200DA4E90 /* FirebaseManagerError.swift */; };
		4680CB8128F980B200DA4E90 /* FirebaseManager.swift in Sources */ = {isa = PBXBuildFile; fileRef = 4680CB5B28F980B200DA4E90 /* FirebaseManager.swift */; };
		4680CB8228F980B200DA4E90 /* VideoPlayerViewModel.swift in Sources */ = {isa = PBXBuildFile; fileRef = 4680CB5D28F980B200DA4E90 /* VideoPlayerViewModel.swift */; };
		4680CB8328F980B200DA4E90 /* VideoPlayerControlView.swift in Sources */ = {isa = PBXBuildFile; fileRef = 4680CB5E28F980B200DA4E90 /* VideoPlayerControlView.swift */; };
		4680CB8428F980B200DA4E90 /* SliderView.swift in Sources */ = {isa = PBXBuildFile; fileRef = 4680CB5F28F980B200DA4E90 /* SliderView.swift */; };
		4680CB8528F980B200DA4E90 /* VideoPlayerViewController.swift in Sources */ = {isa = PBXBuildFile; fileRef = 4680CB6028F980B200DA4E90 /* VideoPlayerViewController.swift */; };
		4680CB8628F980B200DA4E90 /* CoreDataManager.swift in Sources */ = {isa = PBXBuildFile; fileRef = 4680CB6228F980B200DA4E90 /* CoreDataManager.swift */; };
		4680CB8728F980B200DA4E90 /* CoreDataManagerError.swift in Sources */ = {isa = PBXBuildFile; fileRef = 4680CB6328F980B200DA4E90 /* CoreDataManagerError.swift */; };
		4680CB8828F980B200DA4E90 /* Assets.xcassets in Resources */ = {isa = PBXBuildFile; fileRef = 4680CB6428F980B200DA4E90 /* Assets.xcassets */; };
		4680CB8928F980B200DA4E90 /* GoogleService-Info.plist in Resources */ = {isa = PBXBuildFile; fileRef = 4680CB6528F980B200DA4E90 /* GoogleService-Info.plist */; };
		4680CB8A28F980B200DA4E90 /* Publisher+Extension.swift in Sources */ = {isa = PBXBuildFile; fileRef = 4680CB6728F980B200DA4E90 /* Publisher+Extension.swift */; };
		4680CB8B28F980B200DA4E90 /* UIColor+Extension.swift in Sources */ = {isa = PBXBuildFile; fileRef = 4680CB6828F980B200DA4E90 /* UIColor+Extension.swift */; };
		4680CB8C28F980B200DA4E90 /* Date+Extension.swift in Sources */ = {isa = PBXBuildFile; fileRef = 4680CB6928F980B200DA4E90 /* Date+Extension.swift */; };
		4680CB8D28F980B200DA4E90 /* NSObject+Extension.swift in Sources */ = {isa = PBXBuildFile; fileRef = 4680CB6A28F980B200DA4E90 /* NSObject+Extension.swift */; };
		4680CB8E28F980B200DA4E90 /* Double+Extension.swift in Sources */ = {isa = PBXBuildFile; fileRef = 4680CB6B28F980B200DA4E90 /* Double+Extension.swift */; };
		4680CB8F28F980B200DA4E90 /* RecordingView.swift in Sources */ = {isa = PBXBuildFile; fileRef = 4680CB6D28F980B200DA4E90 /* RecordingView.swift */; };
		4680CB9028F980B200DA4E90 /* RecordingViewController.swift in Sources */ = {isa = PBXBuildFile; fileRef = 4680CB6E28F980B200DA4E90 /* RecordingViewController.swift */; };
		4680CB9128F980B200DA4E90 /* DummyGenerator.swift in Sources */ = {isa = PBXBuildFile; fileRef = 4680CB7028F980B200DA4E90 /* DummyGenerator.swift */; };
		4680CB9228F980B200DA4E90 /* Model.xcdatamodeld in Sources */ = {isa = PBXBuildFile; fileRef = 4680CB7128F980B200DA4E90 /* Model.xcdatamodeld */; };
		4680CB9328F980B200DA4E90 /* AppDelegate.swift in Sources */ = {isa = PBXBuildFile; fileRef = 4680CB7328F980B200DA4E90 /* AppDelegate.swift */; };
		4680CB9428F980B200DA4E90 /* VideoManager.swift in Sources */ = {isa = PBXBuildFile; fileRef = 4680CB7528F980B200DA4E90 /* VideoManager.swift */; };
		4680CB9528F980B200DA4E90 /* VideoManagerError.swift in Sources */ = {isa = PBXBuildFile; fileRef = 4680CB7628F980B200DA4E90 /* VideoManagerError.swift */; };
		4680CB9728F980B200DA4E90 /* SceneDelegate.swift in Sources */ = {isa = PBXBuildFile; fileRef = 4680CB7828F980B200DA4E90 /* SceneDelegate.swift */; };
		B00C910328F8EE390088331B /* SampleVideo.mp4 in Resources */ = {isa = PBXBuildFile; fileRef = 462558ED28F582B400126D09 /* SampleVideo.mp4 */; };
		B07AF5D328F6958300C7FD1C /* SliderViewModelTests.swift in Sources */ = {isa = PBXBuildFile; fileRef = B07AF5D228F6958300C7FD1C /* SliderViewModelTests.swift */; };
		B091ECEF28F53E5000F4C363 /* (null) in Sources */ = {isa = PBXBuildFile; };
		B09F3D8128F63C84003E3D97 /* FirebaseStorage in Frameworks */ = {isa = PBXBuildFile; productRef = B09F3D8028F63C84003E3D97 /* FirebaseStorage */; };
		B09F3D8828F63E2E003E3D97 /* FirebaseStorage in Frameworks */ = {isa = PBXBuildFile; productRef = B09F3D8728F63E2E003E3D97 /* FirebaseStorage */; };
		B09F5D3A28F551610080A3D5 /* VideoManagerTest.swift in Sources */ = {isa = PBXBuildFile; fileRef = B09F5D3928F551610080A3D5 /* VideoManagerTest.swift */; };
/* End PBXBuildFile section */

/* Begin PBXContainerItemProxy section */
		B09F5D3B28F551610080A3D5 /* PBXContainerItemProxy */ = {
			isa = PBXContainerItemProxy;
			containerPortal = 6321036C28F06E7200CC1609 /* Project object */;
			proxyType = 1;
			remoteGlobalIDString = 6321037328F06E7200CC1609;
			remoteInfo = VideoRecorder;
		};
/* End PBXContainerItemProxy section */

/* Begin PBXFileReference section */
		462558ED28F582B400126D09 /* SampleVideo.mp4 */ = {isa = PBXFileReference; lastKnownFileType = file; path = SampleVideo.mp4; sourceTree = "<group>"; };
		4680CB5028F980B200DA4E90 /* VideoListViewController.swift */ = {isa = PBXFileReference; fileEncoding = 4; lastKnownFileType = sourcecode.swift; path = VideoListViewController.swift; sourceTree = "<group>"; };
		4680CB5228F980B200DA4E90 /* CustomTitleView.swift */ = {isa = PBXFileReference; fileEncoding = 4; lastKnownFileType = sourcecode.swift; path = CustomTitleView.swift; sourceTree = "<group>"; };
		4680CB5328F980B200DA4E90 /* VideoListTableViewCell.swift */ = {isa = PBXFileReference; fileEncoding = 4; lastKnownFileType = sourcecode.swift; path = VideoListTableViewCell.swift; sourceTree = "<group>"; };
		4680CB5428F980B200DA4E90 /* VideoListView.swift */ = {isa = PBXFileReference; fileEncoding = 4; lastKnownFileType = sourcecode.swift; path = VideoListView.swift; sourceTree = "<group>"; };
		4680CB5628F980B200DA4E90 /* GestureRecognizerPublisher.swift */ = {isa = PBXFileReference; fileEncoding = 4; lastKnownFileType = sourcecode.swift; path = GestureRecognizerPublisher.swift; sourceTree = "<group>"; };
		4680CB5728F980B200DA4E90 /* UIViewBoundsPublisher.swift */ = {isa = PBXFileReference; fileEncoding = 4; lastKnownFileType = sourcecode.swift; path = UIViewBoundsPublisher.swift; sourceTree = "<group>"; };
		4680CB5828F980B200DA4E90 /* ObservableView.swift */ = {isa = PBXFileReference; fileEncoding = 4; lastKnownFileType = sourcecode.swift; path = ObservableView.swift; sourceTree = "<group>"; };
		4680CB5A28F980B200DA4E90 /* FirebaseManagerError.swift */ = {isa = PBXFileReference; fileEncoding = 4; lastKnownFileType = sourcecode.swift; path = FirebaseManagerError.swift; sourceTree = "<group>"; };
		4680CB5B28F980B200DA4E90 /* FirebaseManager.swift */ = {isa = PBXFileReference; fileEncoding = 4; lastKnownFileType = sourcecode.swift; path = FirebaseManager.swift; sourceTree = "<group>"; };
		4680CB5D28F980B200DA4E90 /* VideoPlayerViewModel.swift */ = {isa = PBXFileReference; fileEncoding = 4; lastKnownFileType = sourcecode.swift; path = VideoPlayerViewModel.swift; sourceTree = "<group>"; };
		4680CB5E28F980B200DA4E90 /* VideoPlayerControlView.swift */ = {isa = PBXFileReference; fileEncoding = 4; lastKnownFileType = sourcecode.swift; path = VideoPlayerControlView.swift; sourceTree = "<group>"; };
		4680CB5F28F980B200DA4E90 /* SliderView.swift */ = {isa = PBXFileReference; fileEncoding = 4; lastKnownFileType = sourcecode.swift; path = SliderView.swift; sourceTree = "<group>"; };
		4680CB6028F980B200DA4E90 /* VideoPlayerViewController.swift */ = {isa = PBXFileReference; fileEncoding = 4; lastKnownFileType = sourcecode.swift; path = VideoPlayerViewController.swift; sourceTree = "<group>"; };
		4680CB6228F980B200DA4E90 /* CoreDataManager.swift */ = {isa = PBXFileReference; fileEncoding = 4; lastKnownFileType = sourcecode.swift; path = CoreDataManager.swift; sourceTree = "<group>"; };
		4680CB6328F980B200DA4E90 /* CoreDataManagerError.swift */ = {isa = PBXFileReference; fileEncoding = 4; lastKnownFileType = sourcecode.swift; path = CoreDataManagerError.swift; sourceTree = "<group>"; };
		4680CB6428F980B200DA4E90 /* Assets.xcassets */ = {isa = PBXFileReference; lastKnownFileType = folder.assetcatalog; path = Assets.xcassets; sourceTree = "<group>"; };
		4680CB6528F980B200DA4E90 /* GoogleService-Info.plist */ = {isa = PBXFileReference; fileEncoding = 4; lastKnownFileType = text.plist.xml; path = "GoogleService-Info.plist"; sourceTree = "<group>"; };
		4680CB6728F980B200DA4E90 /* Publisher+Extension.swift */ = {isa = PBXFileReference; fileEncoding = 4; lastKnownFileType = sourcecode.swift; path = "Publisher+Extension.swift"; sourceTree = "<group>"; };
		4680CB6828F980B200DA4E90 /* UIColor+Extension.swift */ = {isa = PBXFileReference; fileEncoding = 4; lastKnownFileType = sourcecode.swift; path = "UIColor+Extension.swift"; sourceTree = "<group>"; };
		4680CB6928F980B200DA4E90 /* Date+Extension.swift */ = {isa = PBXFileReference; fileEncoding = 4; lastKnownFileType = sourcecode.swift; path = "Date+Extension.swift"; sourceTree = "<group>"; };
		4680CB6A28F980B200DA4E90 /* NSObject+Extension.swift */ = {isa = PBXFileReference; fileEncoding = 4; lastKnownFileType = sourcecode.swift; path = "NSObject+Extension.swift"; sourceTree = "<group>"; };
		4680CB6B28F980B200DA4E90 /* Double+Extension.swift */ = {isa = PBXFileReference; fileEncoding = 4; lastKnownFileType = sourcecode.swift; path = "Double+Extension.swift"; sourceTree = "<group>"; };
		4680CB6D28F980B200DA4E90 /* RecordingView.swift */ = {isa = PBXFileReference; fileEncoding = 4; lastKnownFileType = sourcecode.swift; path = RecordingView.swift; sourceTree = "<group>"; };
		4680CB6E28F980B200DA4E90 /* RecordingViewController.swift */ = {isa = PBXFileReference; fileEncoding = 4; lastKnownFileType = sourcecode.swift; path = RecordingViewController.swift; sourceTree = "<group>"; };
		4680CB7028F980B200DA4E90 /* DummyGenerator.swift */ = {isa = PBXFileReference; fileEncoding = 4; lastKnownFileType = sourcecode.swift; path = DummyGenerator.swift; sourceTree = "<group>"; };
		4680CB7228F980B200DA4E90 /* Model.xcdatamodel */ = {isa = PBXFileReference; lastKnownFileType = wrapper.xcdatamodel; path = Model.xcdatamodel; sourceTree = "<group>"; };
		4680CB7328F980B200DA4E90 /* AppDelegate.swift */ = {isa = PBXFileReference; fileEncoding = 4; lastKnownFileType = sourcecode.swift; path = AppDelegate.swift; sourceTree = "<group>"; };
		4680CB7528F980B200DA4E90 /* VideoManager.swift */ = {isa = PBXFileReference; fileEncoding = 4; lastKnownFileType = sourcecode.swift; path = VideoManager.swift; sourceTree = "<group>"; };
		4680CB7628F980B200DA4E90 /* VideoManagerError.swift */ = {isa = PBXFileReference; fileEncoding = 4; lastKnownFileType = sourcecode.swift; path = VideoManagerError.swift; sourceTree = "<group>"; };
		4680CB7728F980B200DA4E90 /* Info.plist */ = {isa = PBXFileReference; fileEncoding = 4; lastKnownFileType = text.plist.xml; path = Info.plist; sourceTree = "<group>"; };
		4680CB7828F980B200DA4E90 /* SceneDelegate.swift */ = {isa = PBXFileReference; fileEncoding = 4; lastKnownFileType = sourcecode.swift; path = SceneDelegate.swift; sourceTree = "<group>"; };
		6321037428F06E7200CC1609 /* VideoRecorder.app */ = {isa = PBXFileReference; explicitFileType = wrapper.application; includeInIndex = 0; path = VideoRecorder.app; sourceTree = BUILT_PRODUCTS_DIR; };
		B07AF5D228F6958300C7FD1C /* SliderViewModelTests.swift */ = {isa = PBXFileReference; lastKnownFileType = sourcecode.swift; path = SliderViewModelTests.swift; sourceTree = "<group>"; };
		B091ECE528F518CF00F4C363 /* VideoManager.swift */ = {isa = PBXFileReference; lastKnownFileType = sourcecode.swift; path = VideoManager.swift; sourceTree = "<group>"; };
		B091ECE928F51D0C00F4C363 /* VideoManagerError.swift */ = {isa = PBXFileReference; lastKnownFileType = sourcecode.swift; path = VideoManagerError.swift; sourceTree = "<group>"; };
		B091ECF128F53FCE00F4C363 /* CoreDataManager.swift */ = {isa = PBXFileReference; lastKnownFileType = sourcecode.swift; path = CoreDataManager.swift; sourceTree = "<group>"; };
		B091ECF328F5413900F4C363 /* CoreDataManagerError.swift */ = {isa = PBXFileReference; lastKnownFileType = sourcecode.swift; path = CoreDataManagerError.swift; sourceTree = "<group>"; };
		B09F3D7D28F6393C003E3D97 /* FirebaseManager.swift */ = {isa = PBXFileReference; lastKnownFileType = sourcecode.swift; path = FirebaseManager.swift; sourceTree = "<group>"; };
		B09F5D3728F551600080A3D5 /* UnitTests.xctest */ = {isa = PBXFileReference; explicitFileType = wrapper.cfbundle; includeInIndex = 0; path = UnitTests.xctest; sourceTree = BUILT_PRODUCTS_DIR; };
		B09F5D3928F551610080A3D5 /* VideoManagerTest.swift */ = {isa = PBXFileReference; lastKnownFileType = sourcecode.swift; path = VideoManagerTest.swift; sourceTree = "<group>"; };
/* End PBXFileReference section */

/* Begin PBXFrameworksBuildPhase section */
		6321037128F06E7200CC1609 /* Frameworks */ = {
			isa = PBXFrameworksBuildPhase;
			buildActionMask = 2147483647;
			files = (
				B09F3D8128F63C84003E3D97 /* FirebaseStorage in Frameworks */,
			);
			runOnlyForDeploymentPostprocessing = 0;
		};
		B09F5D3428F551600080A3D5 /* Frameworks */ = {
			isa = PBXFrameworksBuildPhase;
			buildActionMask = 2147483647;
			files = (
				B09F3D8828F63E2E003E3D97 /* FirebaseStorage in Frameworks */,
			);
			runOnlyForDeploymentPostprocessing = 0;
		};
/* End PBXFrameworksBuildPhase section */

/* Begin PBXGroup section */
		4680CB4E28F9809E00DA4E90 /* Recovered References */ = {
			isa = PBXGroup;
			children = (
				B091ECE928F51D0C00F4C363 /* VideoManagerError.swift */,
				B09F3D7D28F6393C003E3D97 /* FirebaseManager.swift */,
				B091ECE528F518CF00F4C363 /* VideoManager.swift */,
				B091ECF128F53FCE00F4C363 /* CoreDataManager.swift */,
				B091ECF328F5413900F4C363 /* CoreDataManagerError.swift */,
			);
			name = "Recovered References";
			sourceTree = "<group>";
		};
		4680CB4F28F980B200DA4E90 /* VideoRecorder */ = {
			isa = PBXGroup;
			children = (
				4680CB9928F980D100DA4E90 /* LifeCycles */,
				4680CB9B28F9812100DA4E90 /* Views */,
				4680CB6F28F980B200DA4E90 /* Model */,
				4680CB9A28F980DD00DA4E90 /* Managers */,
				4680CB5528F980B200DA4E90 /* Combine */,
				4680CB6628F980B200DA4E90 /* Extensions */,
				4680CB6528F980B200DA4E90 /* GoogleService-Info.plist */,
				4680CB7728F980B200DA4E90 /* Info.plist */,
				4680CB6428F980B200DA4E90 /* Assets.xcassets */,
			);
			path = VideoRecorder;
			sourceTree = "<group>";
		};
		4680CB5128F980B200DA4E90 /* VideoListView */ = {
			isa = PBXGroup;
			children = (
				4680CB5228F980B200DA4E90 /* CustomTitleView.swift */,
				4680CB5328F980B200DA4E90 /* VideoListTableViewCell.swift */,
				4680CB5428F980B200DA4E90 /* VideoListView.swift */,
				4680CB5028F980B200DA4E90 /* VideoListViewController.swift */,
			);
			path = VideoListView;
			sourceTree = "<group>";
		};
		4680CB5528F980B200DA4E90 /* Combine */ = {
			isa = PBXGroup;
			children = (
				4680CB5628F980B200DA4E90 /* GestureRecognizerPublisher.swift */,
				4680CB5728F980B200DA4E90 /* UIViewBoundsPublisher.swift */,
				4680CB5828F980B200DA4E90 /* ObservableView.swift */,
			);
			path = Combine;
			sourceTree = "<group>";
		};
		4680CB5928F980B200DA4E90 /* FirebaseManager */ = {
			isa = PBXGroup;
			children = (
				4680CB5A28F980B200DA4E90 /* FirebaseManagerError.swift */,
				4680CB5B28F980B200DA4E90 /* FirebaseManager.swift */,
			);
			path = FirebaseManager;
			sourceTree = "<group>";
		};
		4680CB5C28F980B200DA4E90 /* VideoPlayer */ = {
			isa = PBXGroup;
			children = (
				4680CB5D28F980B200DA4E90 /* VideoPlayerViewModel.swift */,
				4680CB5E28F980B200DA4E90 /* VideoPlayerControlView.swift */,
				4680CB5F28F980B200DA4E90 /* SliderView.swift */,
				4680CB6028F980B200DA4E90 /* VideoPlayerViewController.swift */,
			);
			path = VideoPlayer;
			sourceTree = "<group>";
		};
		4680CB6128F980B200DA4E90 /* CoreDataManager */ = {
			isa = PBXGroup;
			children = (
				4680CB6228F980B200DA4E90 /* CoreDataManager.swift */,
				4680CB6328F980B200DA4E90 /* CoreDataManagerError.swift */,
			);
			path = CoreDataManager;
			sourceTree = "<group>";
		};
		4680CB6628F980B200DA4E90 /* Extensions */ = {
			isa = PBXGroup;
			children = (
				4680CB6728F980B200DA4E90 /* Publisher+Extension.swift */,
				4680CB6828F980B200DA4E90 /* UIColor+Extension.swift */,
				4680CB6928F980B200DA4E90 /* Date+Extension.swift */,
				4680CB6A28F980B200DA4E90 /* NSObject+Extension.swift */,
				4680CB6B28F980B200DA4E90 /* Double+Extension.swift */,
			);
			path = Extensions;
			sourceTree = "<group>";
		};
		4680CB6C28F980B200DA4E90 /* RecordingView */ = {
			isa = PBXGroup;
			children = (
				4680CB6D28F980B200DA4E90 /* RecordingView.swift */,
				4680CB6E28F980B200DA4E90 /* RecordingViewController.swift */,
			);
			path = RecordingView;
			sourceTree = "<group>";
		};
		4680CB6F28F980B200DA4E90 /* Model */ = {
			isa = PBXGroup;
			children = (
				4680CB7028F980B200DA4E90 /* DummyGenerator.swift */,
				4680CB7128F980B200DA4E90 /* Model.xcdatamodeld */,
			);
			path = Model;
			sourceTree = "<group>";
		};
		4680CB7428F980B200DA4E90 /* VideoManager */ = {
			isa = PBXGroup;
			children = (
				4680CB7528F980B200DA4E90 /* VideoManager.swift */,
				4680CB7628F980B200DA4E90 /* VideoManagerError.swift */,
			);
			path = VideoManager;
			sourceTree = "<group>";
		};
		4680CB9928F980D100DA4E90 /* LifeCycles */ = {
			isa = PBXGroup;
			children = (
				4680CB7328F980B200DA4E90 /* AppDelegate.swift */,
				4680CB7828F980B200DA4E90 /* SceneDelegate.swift */,
			);
			path = LifeCycles;
			sourceTree = "<group>";
		};
		4680CB9A28F980DD00DA4E90 /* Managers */ = {
			isa = PBXGroup;
			children = (
				4680CB6128F980B200DA4E90 /* CoreDataManager */,
				4680CB5928F980B200DA4E90 /* FirebaseManager */,
				4680CB7428F980B200DA4E90 /* VideoManager */,
			);
			path = Managers;
			sourceTree = "<group>";
		};
		4680CB9B28F9812100DA4E90 /* Views */ = {
			isa = PBXGroup;
			children = (
				4680CB6C28F980B200DA4E90 /* RecordingView */,
				4680CB5128F980B200DA4E90 /* VideoListView */,
				4680CB5C28F980B200DA4E90 /* VideoPlayer */,
			);
			path = Views;
			sourceTree = "<group>";
		};
		6321036B28F06E7200CC1609 = {
			isa = PBXGroup;
			children = (
				4680CB4F28F980B200DA4E90 /* VideoRecorder */,
				B09F5D3828F551610080A3D5 /* UnitTests */,
				6321037528F06E7200CC1609 /* Products */,
				B09F3D8628F63E2E003E3D97 /* Frameworks */,
				4680CB4E28F9809E00DA4E90 /* Recovered References */,
			);
			sourceTree = "<group>";
		};
		6321037528F06E7200CC1609 /* Products */ = {
			isa = PBXGroup;
			children = (
				6321037428F06E7200CC1609 /* VideoRecorder.app */,
				B09F5D3728F551600080A3D5 /* UnitTests.xctest */,
			);
			name = Products;
			sourceTree = "<group>";
		};
		B09F3D8628F63E2E003E3D97 /* Frameworks */ = {
			isa = PBXGroup;
			children = (
			);
			name = Frameworks;
			sourceTree = "<group>";
		};
		B09F5D3828F551610080A3D5 /* UnitTests */ = {
			isa = PBXGroup;
			children = (
				B09F5D3928F551610080A3D5 /* VideoManagerTest.swift */,
				B07AF5D228F6958300C7FD1C /* SliderViewModelTests.swift */,
				462558ED28F582B400126D09 /* SampleVideo.mp4 */,
			);
			path = UnitTests;
			sourceTree = "<group>";
		};
/* End PBXGroup section */

/* Begin PBXNativeTarget section */
		6321037328F06E7200CC1609 /* VideoRecorder */ = {
			isa = PBXNativeTarget;
			buildConfigurationList = 6321038828F06E7300CC1609 /* Build configuration list for PBXNativeTarget "VideoRecorder" */;
			buildPhases = (
				6321037028F06E7200CC1609 /* Sources */,
				6321037128F06E7200CC1609 /* Frameworks */,
				6321037228F06E7200CC1609 /* Resources */,
			);
			buildRules = (
			);
			dependencies = (
			);
			name = VideoRecorder;
			packageProductDependencies = (
				B09F3D8028F63C84003E3D97 /* FirebaseStorage */,
			);
			productName = VideoRecorder;
			productReference = 6321037428F06E7200CC1609 /* VideoRecorder.app */;
			productType = "com.apple.product-type.application";
		};
		B09F5D3628F551600080A3D5 /* UnitTests */ = {
			isa = PBXNativeTarget;
			buildConfigurationList = B09F5D3D28F551610080A3D5 /* Build configuration list for PBXNativeTarget "UnitTests" */;
			buildPhases = (
				B09F5D3328F551600080A3D5 /* Sources */,
				B09F5D3428F551600080A3D5 /* Frameworks */,
				B09F5D3528F551600080A3D5 /* Resources */,
			);
			buildRules = (
			);
			dependencies = (
				B09F3D8328F63DD7003E3D97 /* PBXTargetDependency */,
				B09F5D3C28F551610080A3D5 /* PBXTargetDependency */,
			);
			name = UnitTests;
			packageProductDependencies = (
				B09F3D8728F63E2E003E3D97 /* FirebaseStorage */,
			);
			productName = UnitTests;
			productReference = B09F5D3728F551600080A3D5 /* UnitTests.xctest */;
			productType = "com.apple.product-type.bundle.unit-test";
		};
/* End PBXNativeTarget section */

/* Begin PBXProject section */
		6321036C28F06E7200CC1609 /* Project object */ = {
			isa = PBXProject;
			attributes = {
				BuildIndependentTargetsInParallel = 1;
				LastSwiftUpdateCheck = 1400;
				LastUpgradeCheck = 1400;
				TargetAttributes = {
					6321037328F06E7200CC1609 = {
						CreatedOnToolsVersion = 14.0.1;
					};
					B09F5D3628F551600080A3D5 = {
						CreatedOnToolsVersion = 14.0.1;
						TestTargetID = 6321037328F06E7200CC1609;
					};
				};
			};
			buildConfigurationList = 6321036F28F06E7200CC1609 /* Build configuration list for PBXProject "VideoRecorder" */;
			compatibilityVersion = "Xcode 14.0";
			developmentRegion = en;
			hasScannedForEncodings = 0;
			knownRegions = (
				en,
				Base,
			);
			mainGroup = 6321036B28F06E7200CC1609;
			packageReferences = (
				B09F3D7F28F63C84003E3D97 /* XCRemoteSwiftPackageReference "firebase-ios-sdk" */,
			);
			productRefGroup = 6321037528F06E7200CC1609 /* Products */;
			projectDirPath = "";
			projectRoot = "";
			targets = (
				6321037328F06E7200CC1609 /* VideoRecorder */,
				B09F5D3628F551600080A3D5 /* UnitTests */,
			);
		};
/* End PBXProject section */

/* Begin PBXResourcesBuildPhase section */
		6321037228F06E7200CC1609 /* Resources */ = {
			isa = PBXResourcesBuildPhase;
			buildActionMask = 2147483647;
			files = (
				4680CB8828F980B200DA4E90 /* Assets.xcassets in Resources */,
				B00C910328F8EE390088331B /* SampleVideo.mp4 in Resources */,
				4680CB8928F980B200DA4E90 /* GoogleService-Info.plist in Resources */,
			);
			runOnlyForDeploymentPostprocessing = 0;
		};
		B09F5D3528F551600080A3D5 /* Resources */ = {
			isa = PBXResourcesBuildPhase;
			buildActionMask = 2147483647;
			files = (
				462558EE28F582B400126D09 /* SampleVideo.mp4 in Resources */,
			);
			runOnlyForDeploymentPostprocessing = 0;
		};
/* End PBXResourcesBuildPhase section */

/* Begin PBXSourcesBuildPhase section */
		6321037028F06E7200CC1609 /* Sources */ = {
			isa = PBXSourcesBuildPhase;
			buildActionMask = 2147483647;
			files = (
				4680CB8328F980B200DA4E90 /* VideoPlayerControlView.swift in Sources */,
				4680CB7C28F980B200DA4E90 /* VideoListView.swift in Sources */,
				4680CB8528F980B200DA4E90 /* VideoPlayerViewController.swift in Sources */,
				4680CB7A28F980B200DA4E90 /* CustomTitleView.swift in Sources */,
				4680CB8E28F980B200DA4E90 /* Double+Extension.swift in Sources */,
				4680CB8428F980B200DA4E90 /* SliderView.swift in Sources */,
				4680CB8C28F980B200DA4E90 /* Date+Extension.swift in Sources */,
				4680CB9728F980B200DA4E90 /* SceneDelegate.swift in Sources */,
				4680CB7F28F980B200DA4E90 /* ObservableView.swift in Sources */,
				4680CB8728F980B200DA4E90 /* CoreDataManagerError.swift in Sources */,
				B091ECEF28F53E5000F4C363 /* (null) in Sources */,
				4680CB9128F980B200DA4E90 /* DummyGenerator.swift in Sources */,
				4680CB8D28F980B200DA4E90 /* NSObject+Extension.swift in Sources */,
				4680CB8228F980B200DA4E90 /* VideoPlayerViewModel.swift in Sources */,
				4680CB8F28F980B200DA4E90 /* RecordingView.swift in Sources */,
				4680CB9228F980B200DA4E90 /* Model.xcdatamodeld in Sources */,
				4680CB7928F980B200DA4E90 /* VideoListViewController.swift in Sources */,
				4680CB8A28F980B200DA4E90 /* Publisher+Extension.swift in Sources */,
				4680CB7E28F980B200DA4E90 /* UIViewBoundsPublisher.swift in Sources */,
				4680CB9328F980B200DA4E90 /* AppDelegate.swift in Sources */,
				4680CB7B28F980B200DA4E90 /* VideoListTableViewCell.swift in Sources */,
				4680CB8B28F980B200DA4E90 /* UIColor+Extension.swift in Sources */,
				4680CB8028F980B200DA4E90 /* FirebaseManagerError.swift in Sources */,
				4680CB8128F980B200DA4E90 /* FirebaseManager.swift in Sources */,
				4680CB9028F980B200DA4E90 /* RecordingViewController.swift in Sources */,
				4680CB9528F980B200DA4E90 /* VideoManagerError.swift in Sources */,
				4680CB8628F980B200DA4E90 /* CoreDataManager.swift in Sources */,
				4680CB7D28F980B200DA4E90 /* GestureRecognizerPublisher.swift in Sources */,
				4680CB9428F980B200DA4E90 /* VideoManager.swift in Sources */,
			);
			runOnlyForDeploymentPostprocessing = 0;
		};
		B09F5D3328F551600080A3D5 /* Sources */ = {
			isa = PBXSourcesBuildPhase;
			buildActionMask = 2147483647;
			files = (
				B09F5D3A28F551610080A3D5 /* VideoManagerTest.swift in Sources */,
				B07AF5D328F6958300C7FD1C /* SliderViewModelTests.swift in Sources */,
			);
			runOnlyForDeploymentPostprocessing = 0;
		};
/* End PBXSourcesBuildPhase section */

/* Begin PBXTargetDependency section */
		B09F3D8328F63DD7003E3D97 /* PBXTargetDependency */ = {
			isa = PBXTargetDependency;
			productRef = B09F3D8228F63DD7003E3D97 /* FirebaseStorage */;
		};
		B09F5D3C28F551610080A3D5 /* PBXTargetDependency */ = {
			isa = PBXTargetDependency;
			target = 6321037328F06E7200CC1609 /* VideoRecorder */;
			targetProxy = B09F5D3B28F551610080A3D5 /* PBXContainerItemProxy */;
		};
/* End PBXTargetDependency section */

/* Begin XCBuildConfiguration section */
		6321038628F06E7300CC1609 /* Debug */ = {
			isa = XCBuildConfiguration;
			buildSettings = {
				ALWAYS_SEARCH_USER_PATHS = NO;
				CLANG_ANALYZER_NONNULL = YES;
				CLANG_ANALYZER_NUMBER_OBJECT_CONVERSION = YES_AGGRESSIVE;
				CLANG_CXX_LANGUAGE_STANDARD = "gnu++20";
				CLANG_ENABLE_MODULES = YES;
				CLANG_ENABLE_OBJC_ARC = YES;
				CLANG_ENABLE_OBJC_WEAK = YES;
				CLANG_WARN_BLOCK_CAPTURE_AUTORELEASING = YES;
				CLANG_WARN_BOOL_CONVERSION = YES;
				CLANG_WARN_COMMA = YES;
				CLANG_WARN_CONSTANT_CONVERSION = YES;
				CLANG_WARN_DEPRECATED_OBJC_IMPLEMENTATIONS = YES;
				CLANG_WARN_DIRECT_OBJC_ISA_USAGE = YES_ERROR;
				CLANG_WARN_DOCUMENTATION_COMMENTS = YES;
				CLANG_WARN_EMPTY_BODY = YES;
				CLANG_WARN_ENUM_CONVERSION = YES;
				CLANG_WARN_INFINITE_RECURSION = YES;
				CLANG_WARN_INT_CONVERSION = YES;
				CLANG_WARN_NON_LITERAL_NULL_CONVERSION = YES;
				CLANG_WARN_OBJC_IMPLICIT_RETAIN_SELF = YES;
				CLANG_WARN_OBJC_LITERAL_CONVERSION = YES;
				CLANG_WARN_OBJC_ROOT_CLASS = YES_ERROR;
				CLANG_WARN_QUOTED_INCLUDE_IN_FRAMEWORK_HEADER = YES;
				CLANG_WARN_RANGE_LOOP_ANALYSIS = YES;
				CLANG_WARN_STRICT_PROTOTYPES = YES;
				CLANG_WARN_SUSPICIOUS_MOVE = YES;
				CLANG_WARN_UNGUARDED_AVAILABILITY = YES_AGGRESSIVE;
				CLANG_WARN_UNREACHABLE_CODE = YES;
				CLANG_WARN__DUPLICATE_METHOD_MATCH = YES;
				COPY_PHASE_STRIP = NO;
				DEBUG_INFORMATION_FORMAT = dwarf;
				ENABLE_STRICT_OBJC_MSGSEND = YES;
				ENABLE_TESTABILITY = YES;
				GCC_C_LANGUAGE_STANDARD = gnu11;
				GCC_DYNAMIC_NO_PIC = NO;
				GCC_NO_COMMON_BLOCKS = YES;
				GCC_OPTIMIZATION_LEVEL = 0;
				GCC_PREPROCESSOR_DEFINITIONS = (
					"DEBUG=1",
					"$(inherited)",
				);
				GCC_WARN_64_TO_32_BIT_CONVERSION = YES;
				GCC_WARN_ABOUT_RETURN_TYPE = YES_ERROR;
				GCC_WARN_UNDECLARED_SELECTOR = YES;
				GCC_WARN_UNINITIALIZED_AUTOS = YES_AGGRESSIVE;
				GCC_WARN_UNUSED_FUNCTION = YES;
				GCC_WARN_UNUSED_VARIABLE = YES;
				IPHONEOS_DEPLOYMENT_TARGET = 14.0;
				MTL_ENABLE_DEBUG_INFO = INCLUDE_SOURCE;
				MTL_FAST_MATH = YES;
				ONLY_ACTIVE_ARCH = YES;
				SDKROOT = iphoneos;
				SWIFT_ACTIVE_COMPILATION_CONDITIONS = DEBUG;
				SWIFT_OPTIMIZATION_LEVEL = "-Onone";
			};
			name = Debug;
		};
		6321038728F06E7300CC1609 /* Release */ = {
			isa = XCBuildConfiguration;
			buildSettings = {
				ALWAYS_SEARCH_USER_PATHS = NO;
				CLANG_ANALYZER_NONNULL = YES;
				CLANG_ANALYZER_NUMBER_OBJECT_CONVERSION = YES_AGGRESSIVE;
				CLANG_CXX_LANGUAGE_STANDARD = "gnu++20";
				CLANG_ENABLE_MODULES = YES;
				CLANG_ENABLE_OBJC_ARC = YES;
				CLANG_ENABLE_OBJC_WEAK = YES;
				CLANG_WARN_BLOCK_CAPTURE_AUTORELEASING = YES;
				CLANG_WARN_BOOL_CONVERSION = YES;
				CLANG_WARN_COMMA = YES;
				CLANG_WARN_CONSTANT_CONVERSION = YES;
				CLANG_WARN_DEPRECATED_OBJC_IMPLEMENTATIONS = YES;
				CLANG_WARN_DIRECT_OBJC_ISA_USAGE = YES_ERROR;
				CLANG_WARN_DOCUMENTATION_COMMENTS = YES;
				CLANG_WARN_EMPTY_BODY = YES;
				CLANG_WARN_ENUM_CONVERSION = YES;
				CLANG_WARN_INFINITE_RECURSION = YES;
				CLANG_WARN_INT_CONVERSION = YES;
				CLANG_WARN_NON_LITERAL_NULL_CONVERSION = YES;
				CLANG_WARN_OBJC_IMPLICIT_RETAIN_SELF = YES;
				CLANG_WARN_OBJC_LITERAL_CONVERSION = YES;
				CLANG_WARN_OBJC_ROOT_CLASS = YES_ERROR;
				CLANG_WARN_QUOTED_INCLUDE_IN_FRAMEWORK_HEADER = YES;
				CLANG_WARN_RANGE_LOOP_ANALYSIS = YES;
				CLANG_WARN_STRICT_PROTOTYPES = YES;
				CLANG_WARN_SUSPICIOUS_MOVE = YES;
				CLANG_WARN_UNGUARDED_AVAILABILITY = YES_AGGRESSIVE;
				CLANG_WARN_UNREACHABLE_CODE = YES;
				CLANG_WARN__DUPLICATE_METHOD_MATCH = YES;
				COPY_PHASE_STRIP = NO;
				DEBUG_INFORMATION_FORMAT = "dwarf-with-dsym";
				ENABLE_NS_ASSERTIONS = NO;
				ENABLE_STRICT_OBJC_MSGSEND = YES;
				GCC_C_LANGUAGE_STANDARD = gnu11;
				GCC_NO_COMMON_BLOCKS = YES;
				GCC_WARN_64_TO_32_BIT_CONVERSION = YES;
				GCC_WARN_ABOUT_RETURN_TYPE = YES_ERROR;
				GCC_WARN_UNDECLARED_SELECTOR = YES;
				GCC_WARN_UNINITIALIZED_AUTOS = YES_AGGRESSIVE;
				GCC_WARN_UNUSED_FUNCTION = YES;
				GCC_WARN_UNUSED_VARIABLE = YES;
				IPHONEOS_DEPLOYMENT_TARGET = 14.0;
				MTL_ENABLE_DEBUG_INFO = NO;
				MTL_FAST_MATH = YES;
				SDKROOT = iphoneos;
				SWIFT_COMPILATION_MODE = wholemodule;
				SWIFT_OPTIMIZATION_LEVEL = "-O";
				VALIDATE_PRODUCT = YES;
			};
			name = Release;
		};
		6321038928F06E7300CC1609 /* Debug */ = {
			isa = XCBuildConfiguration;
			buildSettings = {
				ASSETCATALOG_COMPILER_APPICON_NAME = AppIcon;
				ASSETCATALOG_COMPILER_GLOBAL_ACCENT_COLOR_NAME = AccentColor;
				CODE_SIGN_STYLE = Automatic;
				CURRENT_PROJECT_VERSION = 1;
				DEVELOPMENT_TEAM = U9B2QVCTVS;
				GENERATE_INFOPLIST_FILE = YES;
				INFOPLIST_FILE = VideoRecorder/Info.plist;
				INFOPLIST_KEY_NSCameraUsageDescription = "";
				INFOPLIST_KEY_NSMicrophoneUsageDescription = "";
				INFOPLIST_KEY_NSPhotoLibraryUsageDescription = "";
				INFOPLIST_KEY_UIApplicationSupportsIndirectInputEvents = YES;
				INFOPLIST_KEY_UILaunchStoryboardName = LaunchScreen;
				INFOPLIST_KEY_UISupportedInterfaceOrientations_iPad = "UIInterfaceOrientationPortrait UIInterfaceOrientationPortraitUpsideDown UIInterfaceOrientationLandscapeLeft UIInterfaceOrientationLandscapeRight";
				INFOPLIST_KEY_UISupportedInterfaceOrientations_iPhone = "UIInterfaceOrientationPortrait UIInterfaceOrientationLandscapeLeft UIInterfaceOrientationLandscapeRight";
				IPHONEOS_DEPLOYMENT_TARGET = 14.0;
				LD_RUNPATH_SEARCH_PATHS = (
					"$(inherited)",
					"@executable_path/Frameworks",
				);
				MARKETING_VERSION = 1.0;
				PRODUCT_BUNDLE_IDENTIFIER = net.yagom.VideoRecorder.temp;
				PRODUCT_NAME = "$(TARGET_NAME)";
				SWIFT_EMIT_LOC_STRINGS = YES;
				SWIFT_VERSION = 5.0;
				TARGETED_DEVICE_FAMILY = "1,2";
			};
			name = Debug;
		};
		6321038A28F06E7300CC1609 /* Release */ = {
			isa = XCBuildConfiguration;
			buildSettings = {
				ASSETCATALOG_COMPILER_APPICON_NAME = AppIcon;
				ASSETCATALOG_COMPILER_GLOBAL_ACCENT_COLOR_NAME = AccentColor;
				CODE_SIGN_STYLE = Automatic;
				CURRENT_PROJECT_VERSION = 1;
				DEVELOPMENT_TEAM = U9B2QVCTVS;
				GENERATE_INFOPLIST_FILE = YES;
				INFOPLIST_FILE = VideoRecorder/Info.plist;
				INFOPLIST_KEY_NSCameraUsageDescription = "";
				INFOPLIST_KEY_NSMicrophoneUsageDescription = "";
				INFOPLIST_KEY_NSPhotoLibraryUsageDescription = "";
				INFOPLIST_KEY_UIApplicationSupportsIndirectInputEvents = YES;
				INFOPLIST_KEY_UILaunchStoryboardName = LaunchScreen;
				INFOPLIST_KEY_UISupportedInterfaceOrientations_iPad = "UIInterfaceOrientationPortrait UIInterfaceOrientationPortraitUpsideDown UIInterfaceOrientationLandscapeLeft UIInterfaceOrientationLandscapeRight";
				INFOPLIST_KEY_UISupportedInterfaceOrientations_iPhone = "UIInterfaceOrientationPortrait UIInterfaceOrientationLandscapeLeft UIInterfaceOrientationLandscapeRight";
				IPHONEOS_DEPLOYMENT_TARGET = 14.0;
				LD_RUNPATH_SEARCH_PATHS = (
					"$(inherited)",
					"@executable_path/Frameworks",
				);
				MARKETING_VERSION = 1.0;
				PRODUCT_BUNDLE_IDENTIFIER = net.yagom.VideoRecorder.temp;
				PRODUCT_NAME = "$(TARGET_NAME)";
				SWIFT_EMIT_LOC_STRINGS = YES;
				SWIFT_VERSION = 5.0;
				TARGETED_DEVICE_FAMILY = "1,2";
			};
			name = Release;
		};
		B09F5D3E28F551610080A3D5 /* Debug */ = {
			isa = XCBuildConfiguration;
			buildSettings = {
				ALWAYS_EMBED_SWIFT_STANDARD_LIBRARIES = YES;
				BUNDLE_LOADER = "$(TEST_HOST)";
				CODE_SIGN_STYLE = Automatic;
				CURRENT_PROJECT_VERSION = 1;
				DEVELOPMENT_TEAM = U9B2QVCTVS;
				GENERATE_INFOPLIST_FILE = YES;
				MARKETING_VERSION = 1.0;
				PRODUCT_BUNDLE_IDENTIFIER = net.yagom.UnitTests;
				PRODUCT_NAME = "$(TARGET_NAME)";
				SWIFT_EMIT_LOC_STRINGS = NO;
				SWIFT_VERSION = 5.0;
				TARGETED_DEVICE_FAMILY = "1,2";
				TEST_HOST = "$(BUILT_PRODUCTS_DIR)/VideoRecorder.app/$(BUNDLE_EXECUTABLE_FOLDER_PATH)/VideoRecorder";
			};
			name = Debug;
		};
		B09F5D3F28F551610080A3D5 /* Release */ = {
			isa = XCBuildConfiguration;
			buildSettings = {
				ALWAYS_EMBED_SWIFT_STANDARD_LIBRARIES = YES;
				BUNDLE_LOADER = "$(TEST_HOST)";
				CODE_SIGN_STYLE = Automatic;
				CURRENT_PROJECT_VERSION = 1;
				DEVELOPMENT_TEAM = U9B2QVCTVS;
				GENERATE_INFOPLIST_FILE = YES;
				MARKETING_VERSION = 1.0;
				PRODUCT_BUNDLE_IDENTIFIER = net.yagom.UnitTests;
				PRODUCT_NAME = "$(TARGET_NAME)";
				SWIFT_EMIT_LOC_STRINGS = NO;
				SWIFT_VERSION = 5.0;
				TARGETED_DEVICE_FAMILY = "1,2";
				TEST_HOST = "$(BUILT_PRODUCTS_DIR)/VideoRecorder.app/$(BUNDLE_EXECUTABLE_FOLDER_PATH)/VideoRecorder";
			};
			name = Release;
		};
/* End XCBuildConfiguration section */

/* Begin XCConfigurationList section */
		6321036F28F06E7200CC1609 /* Build configuration list for PBXProject "VideoRecorder" */ = {
			isa = XCConfigurationList;
			buildConfigurations = (
				6321038628F06E7300CC1609 /* Debug */,
				6321038728F06E7300CC1609 /* Release */,
			);
			defaultConfigurationIsVisible = 0;
			defaultConfigurationName = Release;
		};
		6321038828F06E7300CC1609 /* Build configuration list for PBXNativeTarget "VideoRecorder" */ = {
			isa = XCConfigurationList;
			buildConfigurations = (
				6321038928F06E7300CC1609 /* Debug */,
				6321038A28F06E7300CC1609 /* Release */,
			);
			defaultConfigurationIsVisible = 0;
			defaultConfigurationName = Release;
		};
		B09F5D3D28F551610080A3D5 /* Build configuration list for PBXNativeTarget "UnitTests" */ = {
			isa = XCConfigurationList;
			buildConfigurations = (
				B09F5D3E28F551610080A3D5 /* Debug */,
				B09F5D3F28F551610080A3D5 /* Release */,
			);
			defaultConfigurationIsVisible = 0;
			defaultConfigurationName = Release;
		};
/* End XCConfigurationList section */

/* Begin XCRemoteSwiftPackageReference section */
		B09F3D7F28F63C84003E3D97 /* XCRemoteSwiftPackageReference "firebase-ios-sdk" */ = {
			isa = XCRemoteSwiftPackageReference;
			repositoryURL = "https://github.com/firebase/firebase-ios-sdk";
			requirement = {
				branch = master;
				kind = branch;
			};
		};
/* End XCRemoteSwiftPackageReference section */

/* Begin XCSwiftPackageProductDependency section */
		B09F3D8028F63C84003E3D97 /* FirebaseStorage */ = {
			isa = XCSwiftPackageProductDependency;
			package = B09F3D7F28F63C84003E3D97 /* XCRemoteSwiftPackageReference "firebase-ios-sdk" */;
			productName = FirebaseStorage;
		};
		B09F3D8228F63DD7003E3D97 /* FirebaseStorage */ = {
			isa = XCSwiftPackageProductDependency;
			package = B09F3D7F28F63C84003E3D97 /* XCRemoteSwiftPackageReference "firebase-ios-sdk" */;
			productName = FirebaseStorage;
		};
		B09F3D8728F63E2E003E3D97 /* FirebaseStorage */ = {
			isa = XCSwiftPackageProductDependency;
			package = B09F3D7F28F63C84003E3D97 /* XCRemoteSwiftPackageReference "firebase-ios-sdk" */;
			productName = FirebaseStorage;
		};
/* End XCSwiftPackageProductDependency section */

/* Begin XCVersionGroup section */
		4680CB7128F980B200DA4E90 /* Model.xcdatamodeld */ = {
			isa = XCVersionGroup;
			children = (
				4680CB7228F980B200DA4E90 /* Model.xcdatamodel */,
			);
			currentVersion = 4680CB7228F980B200DA4E90 /* Model.xcdatamodel */;
			path = Model.xcdatamodeld;
			sourceTree = "<group>";
			versionGroupType = wrapper.xcdatamodel;
		};
/* End XCVersionGroup section */
	};
	rootObject = 6321036C28F06E7200CC1609 /* Project object */;
}
