// !$*UTF8*$!
{
	archiveVersion = 1;
	classes = {
	};
	objectVersion = 56;
	objects = {

/* Begin PBXBuildFile section */
		2DB01B3F44B048EE58F69E37 /* (null) in Frameworks */ = {isa = PBXBuildFile; };
		6321037828F06E7200CC1609 /* AppDelegate.swift in Sources */ = {isa = PBXBuildFile; fileRef = 6321037728F06E7200CC1609 /* AppDelegate.swift */; };
		6321037A28F06E7200CC1609 /* SceneDelegate.swift in Sources */ = {isa = PBXBuildFile; fileRef = 6321037928F06E7200CC1609 /* SceneDelegate.swift */; };
		6321038128F06E7300CC1609 /* Assets.xcassets in Resources */ = {isa = PBXBuildFile; fileRef = 6321038028F06E7300CC1609 /* Assets.xcassets */; };
		6321038428F06E7300CC1609 /* LaunchScreen.storyboard in Resources */ = {isa = PBXBuildFile; fileRef = 6321038228F06E7300CC1609 /* LaunchScreen.storyboard */; };
		644A0BFF28F9CD360067D5F2 /* VideoListLoadingCellContentView.swift in Sources */ = {isa = PBXBuildFile; fileRef = 644A0BFE28F9CD360067D5F2 /* VideoListLoadingCellContentView.swift */; };
		644F8F7828F9179C005BD5DB /* FirstRowView.swift in Sources */ = {isa = PBXBuildFile; fileRef = 644F8F7728F9179C005BD5DB /* FirstRowView.swift */; };
		644F8F7A28F917A9005BD5DB /* SecondRowView.swift in Sources */ = {isa = PBXBuildFile; fileRef = 644F8F7928F917A9005BD5DB /* SecondRowView.swift */; };
		644F8F7C28F918C8005BD5DB /* VideoListViewCellContentView.swift in Sources */ = {isa = PBXBuildFile; fileRef = 644F8F7B28F918C8005BD5DB /* VideoListViewCellContentView.swift */; };
		644F8F7E28F97397005BD5DB /* VideoListViewLoadingCell.swift in Sources */ = {isa = PBXBuildFile; fileRef = 644F8F7D28F97397005BD5DB /* VideoListViewLoadingCell.swift */; };
		64B3354228F7F1FE008ABC21 /* PlayViewController.swift in Sources */ = {isa = PBXBuildFile; fileRef = 64B3353F28F7F1FE008ABC21 /* PlayViewController.swift */; };
		64C9FF6928F7D6DB00566C5F /* VideoListItemViewModel.swift in Sources */ = {isa = PBXBuildFile; fileRef = 64C9FF6228F7D6DB00566C5F /* VideoListItemViewModel.swift */; };
		64C9FF6A28F7D6DB00566C5F /* VideoListViewModel.swift in Sources */ = {isa = PBXBuildFile; fileRef = 64C9FF6328F7D6DB00566C5F /* VideoListViewModel.swift */; };
		64C9FF6B28F7D6DB00566C5F /* VideoListViewController.swift in Sources */ = {isa = PBXBuildFile; fileRef = 64C9FF6528F7D6DB00566C5F /* VideoListViewController.swift */; };
		64C9FF6C28F7D6DB00566C5F /* VideoListViewCell.swift in Sources */ = {isa = PBXBuildFile; fileRef = 64C9FF6628F7D6DB00566C5F /* VideoListViewCell.swift */; };
		64C9FF7028F7D6FC00566C5F /* Observable.swift in Sources */ = {isa = PBXBuildFile; fileRef = 64C9FF6E28F7D6FC00566C5F /* Observable.swift */; };
		64C9FF7328F7D71C00566C5F /* Video.swift in Sources */ = {isa = PBXBuildFile; fileRef = 64C9FF7228F7D71C00566C5F /* Video.swift */; };
		64D3F7C628F9111F00456DE4 /* PlayVideoItemViewModel.swift in Sources */ = {isa = PBXBuildFile; fileRef = 64D3F7C528F9111F00456DE4 /* PlayVideoItemViewModel.swift */; };
		F837AD0E28F47AF2009FF9F9 /* GoogleService-Info.plist in Resources */ = {isa = PBXBuildFile; fileRef = F837AD0D28F47AF2009FF9F9 /* GoogleService-Info.plist */; };
		F86E7CB328F5C1A100458937 /* sampleVideo.mp4 in Resources */ = {isa = PBXBuildFile; fileRef = F86E7CB228F5C1A100458937 /* sampleVideo.mp4 */; };
		F892F45F28FA3A91005DB4C2 /* RecordViewModel.swift in Sources */ = {isa = PBXBuildFile; fileRef = F892F45E28FA3A91005DB4C2 /* RecordViewModel.swift */; };
		F892F46128FA3A97005DB4C2 /* RecordViewController.swift in Sources */ = {isa = PBXBuildFile; fileRef = F892F46028FA3A97005DB4C2 /* RecordViewController.swift */; };
		F892F46728FA3AAE005DB4C2 /* UIViewController+extension.swift in Sources */ = {isa = PBXBuildFile; fileRef = F892F46228FA3AAE005DB4C2 /* UIViewController+extension.swift */; };
		F892F46828FA3AAE005DB4C2 /* FirebaseStorageManager.swift in Sources */ = {isa = PBXBuildFile; fileRef = F892F46328FA3AAE005DB4C2 /* FirebaseStorageManager.swift */; };
		F892F46928FA3AAE005DB4C2 /* BGTaskManager.swift in Sources */ = {isa = PBXBuildFile; fileRef = F892F46428FA3AAE005DB4C2 /* BGTaskManager.swift */; };
		F892F46A28FA3AAE005DB4C2 /* MediaFileManager.swift in Sources */ = {isa = PBXBuildFile; fileRef = F892F46528FA3AAE005DB4C2 /* MediaFileManager.swift */; };
		F892F46B28FA3AAE005DB4C2 /* ThumbnailMaker.swift in Sources */ = {isa = PBXBuildFile; fileRef = F892F46628FA3AAE005DB4C2 /* ThumbnailMaker.swift */; };
/* End PBXBuildFile section */

/* Begin PBXFileReference section */
		3B9BD4A1EAC5DD98AF8B3E1C /* Pods-VideoRecorder.release.xcconfig */ = {isa = PBXFileReference; includeInIndex = 1; lastKnownFileType = text.xcconfig; name = "Pods-VideoRecorder.release.xcconfig"; path = "Target Support Files/Pods-VideoRecorder/Pods-VideoRecorder.release.xcconfig"; sourceTree = "<group>"; };
		430A5782C503446CF4E8AA8C /* Pods-VideoRecorder.debug.xcconfig */ = {isa = PBXFileReference; includeInIndex = 1; lastKnownFileType = text.xcconfig; name = "Pods-VideoRecorder.debug.xcconfig"; path = "Target Support Files/Pods-VideoRecorder/Pods-VideoRecorder.debug.xcconfig"; sourceTree = "<group>"; };
		6321037428F06E7200CC1609 /* VideoRecorder.app */ = {isa = PBXFileReference; explicitFileType = wrapper.application; includeInIndex = 0; path = VideoRecorder.app; sourceTree = BUILT_PRODUCTS_DIR; };
		6321037728F06E7200CC1609 /* AppDelegate.swift */ = {isa = PBXFileReference; lastKnownFileType = sourcecode.swift; path = AppDelegate.swift; sourceTree = "<group>"; };
		6321037928F06E7200CC1609 /* SceneDelegate.swift */ = {isa = PBXFileReference; lastKnownFileType = sourcecode.swift; path = SceneDelegate.swift; sourceTree = "<group>"; };
		6321038028F06E7300CC1609 /* Assets.xcassets */ = {isa = PBXFileReference; lastKnownFileType = folder.assetcatalog; path = Assets.xcassets; sourceTree = "<group>"; };
		6321038328F06E7300CC1609 /* Base */ = {isa = PBXFileReference; lastKnownFileType = file.storyboard; name = Base; path = Base.lproj/LaunchScreen.storyboard; sourceTree = "<group>"; };
		6321038528F06E7300CC1609 /* Info.plist */ = {isa = PBXFileReference; lastKnownFileType = text.plist.xml; path = Info.plist; sourceTree = "<group>"; };
		644A0BFE28F9CD360067D5F2 /* VideoListLoadingCellContentView.swift */ = {isa = PBXFileReference; lastKnownFileType = sourcecode.swift; path = VideoListLoadingCellContentView.swift; sourceTree = "<group>"; };
		644F8F7728F9179C005BD5DB /* FirstRowView.swift */ = {isa = PBXFileReference; lastKnownFileType = sourcecode.swift; path = FirstRowView.swift; sourceTree = "<group>"; };
		644F8F7928F917A9005BD5DB /* SecondRowView.swift */ = {isa = PBXFileReference; lastKnownFileType = sourcecode.swift; path = SecondRowView.swift; sourceTree = "<group>"; };
		644F8F7B28F918C8005BD5DB /* VideoListViewCellContentView.swift */ = {isa = PBXFileReference; lastKnownFileType = sourcecode.swift; path = VideoListViewCellContentView.swift; sourceTree = "<group>"; };
		644F8F7D28F97397005BD5DB /* VideoListViewLoadingCell.swift */ = {isa = PBXFileReference; lastKnownFileType = sourcecode.swift; path = VideoListViewLoadingCell.swift; sourceTree = "<group>"; };
		64B3353F28F7F1FE008ABC21 /* PlayViewController.swift */ = {isa = PBXFileReference; fileEncoding = 4; lastKnownFileType = sourcecode.swift; path = PlayViewController.swift; sourceTree = "<group>"; };
		64C9FF6228F7D6DB00566C5F /* VideoListItemViewModel.swift */ = {isa = PBXFileReference; fileEncoding = 4; lastKnownFileType = sourcecode.swift; path = VideoListItemViewModel.swift; sourceTree = "<group>"; };
		64C9FF6328F7D6DB00566C5F /* VideoListViewModel.swift */ = {isa = PBXFileReference; fileEncoding = 4; lastKnownFileType = sourcecode.swift; path = VideoListViewModel.swift; sourceTree = "<group>"; };
		64C9FF6528F7D6DB00566C5F /* VideoListViewController.swift */ = {isa = PBXFileReference; fileEncoding = 4; lastKnownFileType = sourcecode.swift; path = VideoListViewController.swift; sourceTree = "<group>"; };
		64C9FF6628F7D6DB00566C5F /* VideoListViewCell.swift */ = {isa = PBXFileReference; fileEncoding = 4; lastKnownFileType = sourcecode.swift; path = VideoListViewCell.swift; sourceTree = "<group>"; };
		64C9FF6E28F7D6FC00566C5F /* Observable.swift */ = {isa = PBXFileReference; fileEncoding = 4; lastKnownFileType = sourcecode.swift; path = Observable.swift; sourceTree = "<group>"; };
		64C9FF7228F7D71C00566C5F /* Video.swift */ = {isa = PBXFileReference; fileEncoding = 4; lastKnownFileType = sourcecode.swift; path = Video.swift; sourceTree = "<group>"; };
		64D3F7C528F9111F00456DE4 /* PlayVideoItemViewModel.swift */ = {isa = PBXFileReference; fileEncoding = 4; lastKnownFileType = sourcecode.swift; path = PlayVideoItemViewModel.swift; sourceTree = "<group>"; };
		F837AD0D28F47AF2009FF9F9 /* GoogleService-Info.plist */ = {isa = PBXFileReference; fileEncoding = 4; lastKnownFileType = text.plist.xml; path = "GoogleService-Info.plist"; sourceTree = "<group>"; };
		F86E7CB228F5C1A100458937 /* sampleVideo.mp4 */ = {isa = PBXFileReference; lastKnownFileType = file; path = sampleVideo.mp4; sourceTree = "<group>"; };
		F892F45E28FA3A91005DB4C2 /* RecordViewModel.swift */ = {isa = PBXFileReference; fileEncoding = 4; lastKnownFileType = sourcecode.swift; path = RecordViewModel.swift; sourceTree = "<group>"; };
		F892F46028FA3A97005DB4C2 /* RecordViewController.swift */ = {isa = PBXFileReference; fileEncoding = 4; lastKnownFileType = sourcecode.swift; path = RecordViewController.swift; sourceTree = "<group>"; };
		F892F46228FA3AAE005DB4C2 /* UIViewController+extension.swift */ = {isa = PBXFileReference; fileEncoding = 4; lastKnownFileType = sourcecode.swift; path = "UIViewController+extension.swift"; sourceTree = "<group>"; };
		F892F46328FA3AAE005DB4C2 /* FirebaseStorageManager.swift */ = {isa = PBXFileReference; fileEncoding = 4; lastKnownFileType = sourcecode.swift; path = FirebaseStorageManager.swift; sourceTree = "<group>"; };
		F892F46428FA3AAE005DB4C2 /* BGTaskManager.swift */ = {isa = PBXFileReference; fileEncoding = 4; lastKnownFileType = sourcecode.swift; path = BGTaskManager.swift; sourceTree = "<group>"; };
		F892F46528FA3AAE005DB4C2 /* MediaFileManager.swift */ = {isa = PBXFileReference; fileEncoding = 4; lastKnownFileType = sourcecode.swift; path = MediaFileManager.swift; sourceTree = "<group>"; };
		F892F46628FA3AAE005DB4C2 /* ThumbnailMaker.swift */ = {isa = PBXFileReference; fileEncoding = 4; lastKnownFileType = sourcecode.swift; path = ThumbnailMaker.swift; sourceTree = "<group>"; };
/* End PBXFileReference section */

/* Begin PBXFrameworksBuildPhase section */
		6321037128F06E7200CC1609 /* Frameworks */ = {
			isa = PBXFrameworksBuildPhase;
			buildActionMask = 2147483647;
			files = (
				2DB01B3F44B048EE58F69E37 /* (null) in Frameworks */,
			);
			runOnlyForDeploymentPostprocessing = 0;
		};
/* End PBXFrameworksBuildPhase section */

/* Begin PBXGroup section */
		6321036B28F06E7200CC1609 = {
			isa = PBXGroup;
			children = (
				6321037628F06E7200CC1609 /* VideoRecorder */,
				6321037528F06E7200CC1609 /* Products */,
				7576DD28C6CF50D14E085DB4 /* Pods */,
				97E309094F0680B7D8D33BBF /* Frameworks */,
			);
			sourceTree = "<group>";
		};
		6321037528F06E7200CC1609 /* Products */ = {
			isa = PBXGroup;
			children = (
				6321037428F06E7200CC1609 /* VideoRecorder.app */,
			);
			name = Products;
			sourceTree = "<group>";
		};
		6321037628F06E7200CC1609 /* VideoRecorder */ = {
			isa = PBXGroup;
			children = (
				64C9FF5F28F7D6DB00566C5F /* Presentation */,
				64C9FF7128F7D71C00566C5F /* Domain */,
				F837AD1128F538B6009FF9F9 /* Resources */,
				F837AD0D28F47AF2009FF9F9 /* GoogleService-Info.plist */,
				6321037728F06E7200CC1609 /* AppDelegate.swift */,
				6321037928F06E7200CC1609 /* SceneDelegate.swift */,
				6321038028F06E7300CC1609 /* Assets.xcassets */,
				6321038228F06E7300CC1609 /* LaunchScreen.storyboard */,
				6321038528F06E7300CC1609 /* Info.plist */,
				64C9FF6D28F7D6FC00566C5F /* Utils */,
			);
			path = VideoRecorder;
			sourceTree = "<group>";
		};
		644F8F7628F91600005BD5DB /* Cell */ = {
			isa = PBXGroup;
			children = (
				64C9FF6628F7D6DB00566C5F /* VideoListViewCell.swift */,
				644F8F7B28F918C8005BD5DB /* VideoListViewCellContentView.swift */,
				644F8F7728F9179C005BD5DB /* FirstRowView.swift */,
				644F8F7928F917A9005BD5DB /* SecondRowView.swift */,
				644F8F7D28F97397005BD5DB /* VideoListViewLoadingCell.swift */,
				644A0BFE28F9CD360067D5F2 /* VideoListLoadingCellContentView.swift */,
			);
			path = Cell;
			sourceTree = "<group>";
		};
		64B3353D28F7F1FE008ABC21 /* View */ = {
			isa = PBXGroup;
			children = (
				64B3353F28F7F1FE008ABC21 /* PlayViewController.swift */,
			);
			path = View;
			sourceTree = "<group>";
		};
		64C9FF5F28F7D6DB00566C5F /* Presentation */ = {
			isa = PBXGroup;
			children = (
				F892F45B28FA3A67005DB4C2 /* Record */,
				64C9FF6028F7D6DB00566C5F /* VideoList */,
				64C9FF6728F7D6DB00566C5F /* Play */,
			);
			path = Presentation;
			sourceTree = "<group>";
		};
		64C9FF6028F7D6DB00566C5F /* VideoList */ = {
			isa = PBXGroup;
			children = (
				64C9FF6128F7D6DB00566C5F /* ViewModel */,
				64C9FF6428F7D6DB00566C5F /* View */,
			);
			path = VideoList;
			sourceTree = "<group>";
		};
		64C9FF6128F7D6DB00566C5F /* ViewModel */ = {
			isa = PBXGroup;
			children = (
				64C9FF6328F7D6DB00566C5F /* VideoListViewModel.swift */,
				64C9FF6228F7D6DB00566C5F /* VideoListItemViewModel.swift */,
			);
			path = ViewModel;
			sourceTree = "<group>";
		};
		64C9FF6428F7D6DB00566C5F /* View */ = {
			isa = PBXGroup;
			children = (
				64C9FF6528F7D6DB00566C5F /* VideoListViewController.swift */,
				644F8F7628F91600005BD5DB /* Cell */,
			);
			path = View;
			sourceTree = "<group>";
		};
		64C9FF6728F7D6DB00566C5F /* Play */ = {
			isa = PBXGroup;
			children = (
				64B3353D28F7F1FE008ABC21 /* View */,
				64D3F7C428F910F300456DE4 /* ViewModel */,
			);
			path = Play;
			sourceTree = "<group>";
		};
		64C9FF6D28F7D6FC00566C5F /* Utils */ = {
			isa = PBXGroup;
			children = (
				F892F46428FA3AAE005DB4C2 /* BGTaskManager.swift */,
				F892F46328FA3AAE005DB4C2 /* FirebaseStorageManager.swift */,
				F892F46528FA3AAE005DB4C2 /* MediaFileManager.swift */,
				F892F46628FA3AAE005DB4C2 /* ThumbnailMaker.swift */,
				F892F46228FA3AAE005DB4C2 /* UIViewController+extension.swift */,
				64C9FF6E28F7D6FC00566C5F /* Observable.swift */,
			);
			path = Utils;
			sourceTree = "<group>";
		};
		64C9FF7128F7D71C00566C5F /* Domain */ = {
			isa = PBXGroup;
			children = (
				64C9FF7228F7D71C00566C5F /* Video.swift */,
			);
			path = Domain;
			sourceTree = "<group>";
		};
		64D3F7C428F910F300456DE4 /* ViewModel */ = {
			isa = PBXGroup;
			children = (
				64D3F7C528F9111F00456DE4 /* PlayVideoItemViewModel.swift */,
			);
			path = ViewModel;
			sourceTree = "<group>";
		};
		7576DD28C6CF50D14E085DB4 /* Pods */ = {
			isa = PBXGroup;
			children = (
				430A5782C503446CF4E8AA8C /* Pods-VideoRecorder.debug.xcconfig */,
				3B9BD4A1EAC5DD98AF8B3E1C /* Pods-VideoRecorder.release.xcconfig */,
			);
			path = Pods;
			sourceTree = "<group>";
		};
		97E309094F0680B7D8D33BBF /* Frameworks */ = {
			isa = PBXGroup;
			children = (
			);
			name = Frameworks;
			sourceTree = "<group>";
		};
		F837AD1128F538B6009FF9F9 /* Resources */ = {
			isa = PBXGroup;
			children = (
				F86E7CB228F5C1A100458937 /* sampleVideo.mp4 */,
			);
			path = Resources;
			sourceTree = "<group>";
		};
		F892F45B28FA3A67005DB4C2 /* Record */ = {
			isa = PBXGroup;
			children = (
				F892F45D28FA3A7C005DB4C2 /* ViewModel */,
				F892F45C28FA3A78005DB4C2 /* View */,
			);
			path = Record;
			sourceTree = "<group>";
		};
		F892F45C28FA3A78005DB4C2 /* View */ = {
			isa = PBXGroup;
			children = (
				F892F46028FA3A97005DB4C2 /* RecordViewController.swift */,
			);
			path = View;
			sourceTree = "<group>";
		};
		F892F45D28FA3A7C005DB4C2 /* ViewModel */ = {
			isa = PBXGroup;
			children = (
				F892F45E28FA3A91005DB4C2 /* RecordViewModel.swift */,
			);
			path = ViewModel;
			sourceTree = "<group>";
		};
/* End PBXGroup section */

/* Begin PBXNativeTarget section */
		6321037328F06E7200CC1609 /* VideoRecorder */ = {
			isa = PBXNativeTarget;
			buildConfigurationList = 6321038828F06E7300CC1609 /* Build configuration list for PBXNativeTarget "VideoRecorder" */;
			buildPhases = (
				B1181AD072737E7797C6B6C8 /* [CP] Check Pods Manifest.lock */,
				6321037028F06E7200CC1609 /* Sources */,
				6321037128F06E7200CC1609 /* Frameworks */,
				6321037228F06E7200CC1609 /* Resources */,
				F29EC2C203AD269B1AE776F0 /* [CP] Embed Pods Frameworks */,
			);
			buildRules = (
			);
			dependencies = (
			);
			name = VideoRecorder;
			productName = VideoRecorder;
			productReference = 6321037428F06E7200CC1609 /* VideoRecorder.app */;
			productType = "com.apple.product-type.application";
		};
/* End PBXNativeTarget section */

/* Begin PBXProject section */
		6321036C28F06E7200CC1609 /* Project object */ = {
			isa = PBXProject;
			attributes = {
				BuildIndependentTargetsInParallel = 1;
				LastSwiftUpdateCheck = 1400;
				LastUpgradeCheck = 1400;
				TargetAttributes = {
					6321037328F06E7200CC1609 = {
						CreatedOnToolsVersion = 14.0.1;
					};
				};
			};
			buildConfigurationList = 6321036F28F06E7200CC1609 /* Build configuration list for PBXProject "VideoRecorder" */;
			compatibilityVersion = "Xcode 14.0";
			developmentRegion = en;
			hasScannedForEncodings = 0;
			knownRegions = (
				en,
				Base,
			);
			mainGroup = 6321036B28F06E7200CC1609;
			productRefGroup = 6321037528F06E7200CC1609 /* Products */;
			projectDirPath = "";
			projectRoot = "";
			targets = (
				6321037328F06E7200CC1609 /* VideoRecorder */,
			);
		};
/* End PBXProject section */

/* Begin PBXResourcesBuildPhase section */
		6321037228F06E7200CC1609 /* Resources */ = {
			isa = PBXResourcesBuildPhase;
			buildActionMask = 2147483647;
			files = (
				6321038428F06E7300CC1609 /* LaunchScreen.storyboard in Resources */,
				F86E7CB328F5C1A100458937 /* sampleVideo.mp4 in Resources */,
				F837AD0E28F47AF2009FF9F9 /* GoogleService-Info.plist in Resources */,
				6321038128F06E7300CC1609 /* Assets.xcassets in Resources */,
			);
			runOnlyForDeploymentPostprocessing = 0;
		};
/* End PBXResourcesBuildPhase section */

/* Begin PBXShellScriptBuildPhase section */
		B1181AD072737E7797C6B6C8 /* [CP] Check Pods Manifest.lock */ = {
			isa = PBXShellScriptBuildPhase;
			buildActionMask = 2147483647;
			files = (
			);
			inputFileListPaths = (
			);
			inputPaths = (
				"${PODS_PODFILE_DIR_PATH}/Podfile.lock",
				"${PODS_ROOT}/Manifest.lock",
			);
			name = "[CP] Check Pods Manifest.lock";
			outputFileListPaths = (
			);
			outputPaths = (
				"$(DERIVED_FILE_DIR)/Pods-VideoRecorder-checkManifestLockResult.txt",
			);
			runOnlyForDeploymentPostprocessing = 0;
			shellPath = /bin/sh;
			shellScript = "diff \"${PODS_PODFILE_DIR_PATH}/Podfile.lock\" \"${PODS_ROOT}/Manifest.lock\" > /dev/null\nif [ $? != 0 ] ; then\n    # print error to STDERR\n    echo \"error: The sandbox is not in sync with the Podfile.lock. Run 'pod install' or update your CocoaPods installation.\" >&2\n    exit 1\nfi\n# This output is used by Xcode 'outputs' to avoid re-running this script phase.\necho \"SUCCESS\" > \"${SCRIPT_OUTPUT_FILE_0}\"\n";
			showEnvVarsInLog = 0;
		};
		F29EC2C203AD269B1AE776F0 /* [CP] Embed Pods Frameworks */ = {
			isa = PBXShellScriptBuildPhase;
			buildActionMask = 2147483647;
			files = (
			);
			inputFileListPaths = (
				"${PODS_ROOT}/Target Support Files/Pods-VideoRecorder/Pods-VideoRecorder-frameworks-${CONFIGURATION}-input-files.xcfilelist",
			);
			name = "[CP] Embed Pods Frameworks";
			outputFileListPaths = (
				"${PODS_ROOT}/Target Support Files/Pods-VideoRecorder/Pods-VideoRecorder-frameworks-${CONFIGURATION}-output-files.xcfilelist",
			);
			runOnlyForDeploymentPostprocessing = 0;
			shellPath = /bin/sh;
			shellScript = "\"${PODS_ROOT}/Target Support Files/Pods-VideoRecorder/Pods-VideoRecorder-frameworks.sh\"\n";
			showEnvVarsInLog = 0;
		};
/* End PBXShellScriptBuildPhase section */

/* Begin PBXSourcesBuildPhase section */
		6321037028F06E7200CC1609 /* Sources */ = {
			isa = PBXSourcesBuildPhase;
			buildActionMask = 2147483647;
			files = (
				64C9FF7028F7D6FC00566C5F /* Observable.swift in Sources */,
				F892F46A28FA3AAE005DB4C2 /* MediaFileManager.swift in Sources */,
				644F8F7A28F917A9005BD5DB /* SecondRowView.swift in Sources */,
				F892F46728FA3AAE005DB4C2 /* UIViewController+extension.swift in Sources */,
				644F8F7828F9179C005BD5DB /* FirstRowView.swift in Sources */,
				F892F46B28FA3AAE005DB4C2 /* ThumbnailMaker.swift in Sources */,
				F892F46128FA3A97005DB4C2 /* RecordViewController.swift in Sources */,
				6321037828F06E7200CC1609 /* AppDelegate.swift in Sources */,
				64C9FF7328F7D71C00566C5F /* Video.swift in Sources */,
				644A0BFF28F9CD360067D5F2 /* VideoListLoadingCellContentView.swift in Sources */,
				64C9FF6C28F7D6DB00566C5F /* VideoListViewCell.swift in Sources */,
				64B3354228F7F1FE008ABC21 /* PlayViewController.swift in Sources */,
				64C9FF6928F7D6DB00566C5F /* VideoListItemViewModel.swift in Sources */,
				F892F45F28FA3A91005DB4C2 /* RecordViewModel.swift in Sources */,
				6321037A28F06E7200CC1609 /* SceneDelegate.swift in Sources */,
				F892F46928FA3AAE005DB4C2 /* BGTaskManager.swift in Sources */,
				64C9FF6A28F7D6DB00566C5F /* VideoListViewModel.swift in Sources */,
				F892F46828FA3AAE005DB4C2 /* FirebaseStorageManager.swift in Sources */,
				644F8F7C28F918C8005BD5DB /* VideoListViewCellContentView.swift in Sources */,
				644F8F7E28F97397005BD5DB /* VideoListViewLoadingCell.swift in Sources */,
				64C9FF6B28F7D6DB00566C5F /* VideoListViewController.swift in Sources */,
				64D3F7C628F9111F00456DE4 /* PlayVideoItemViewModel.swift in Sources */,
			);
			runOnlyForDeploymentPostprocessing = 0;
		};
/* End PBXSourcesBuildPhase section */

/* Begin PBXVariantGroup section */
		6321038228F06E7300CC1609 /* LaunchScreen.storyboard */ = {
			isa = PBXVariantGroup;
			children = (
				6321038328F06E7300CC1609 /* Base */,
			);
			name = LaunchScreen.storyboard;
			sourceTree = "<group>";
		};
/* End PBXVariantGroup section */

/* Begin XCBuildConfiguration section */
		6321038628F06E7300CC1609 /* Debug */ = {
			isa = XCBuildConfiguration;
			buildSettings = {
				ALWAYS_SEARCH_USER_PATHS = NO;
				CLANG_ANALYZER_NONNULL = YES;
				CLANG_ANALYZER_NUMBER_OBJECT_CONVERSION = YES_AGGRESSIVE;
				CLANG_CXX_LANGUAGE_STANDARD = "gnu++20";
				CLANG_ENABLE_MODULES = YES;
				CLANG_ENABLE_OBJC_ARC = YES;
				CLANG_ENABLE_OBJC_WEAK = YES;
				CLANG_WARN_BLOCK_CAPTURE_AUTORELEASING = YES;
				CLANG_WARN_BOOL_CONVERSION = YES;
				CLANG_WARN_COMMA = YES;
				CLANG_WARN_CONSTANT_CONVERSION = YES;
				CLANG_WARN_DEPRECATED_OBJC_IMPLEMENTATIONS = YES;
				CLANG_WARN_DIRECT_OBJC_ISA_USAGE = YES_ERROR;
				CLANG_WARN_DOCUMENTATION_COMMENTS = YES;
				CLANG_WARN_EMPTY_BODY = YES;
				CLANG_WARN_ENUM_CONVERSION = YES;
				CLANG_WARN_INFINITE_RECURSION = YES;
				CLANG_WARN_INT_CONVERSION = YES;
				CLANG_WARN_NON_LITERAL_NULL_CONVERSION = YES;
				CLANG_WARN_OBJC_IMPLICIT_RETAIN_SELF = YES;
				CLANG_WARN_OBJC_LITERAL_CONVERSION = YES;
				CLANG_WARN_OBJC_ROOT_CLASS = YES_ERROR;
				CLANG_WARN_QUOTED_INCLUDE_IN_FRAMEWORK_HEADER = YES;
				CLANG_WARN_RANGE_LOOP_ANALYSIS = YES;
				CLANG_WARN_STRICT_PROTOTYPES = YES;
				CLANG_WARN_SUSPICIOUS_MOVE = YES;
				CLANG_WARN_UNGUARDED_AVAILABILITY = YES_AGGRESSIVE;
				CLANG_WARN_UNREACHABLE_CODE = YES;
				CLANG_WARN__DUPLICATE_METHOD_MATCH = YES;
				COPY_PHASE_STRIP = NO;
				DEBUG_INFORMATION_FORMAT = dwarf;
				ENABLE_STRICT_OBJC_MSGSEND = YES;
				ENABLE_TESTABILITY = YES;
				GCC_C_LANGUAGE_STANDARD = gnu11;
				GCC_DYNAMIC_NO_PIC = NO;
				GCC_NO_COMMON_BLOCKS = YES;
				GCC_OPTIMIZATION_LEVEL = 0;
				GCC_PREPROCESSOR_DEFINITIONS = (
					"DEBUG=1",
					"$(inherited)",
				);
				GCC_WARN_64_TO_32_BIT_CONVERSION = YES;
				GCC_WARN_ABOUT_RETURN_TYPE = YES_ERROR;
				GCC_WARN_UNDECLARED_SELECTOR = YES;
				GCC_WARN_UNINITIALIZED_AUTOS = YES_AGGRESSIVE;
				GCC_WARN_UNUSED_FUNCTION = YES;
				GCC_WARN_UNUSED_VARIABLE = YES;
				IPHONEOS_DEPLOYMENT_TARGET = 16.0;
				MTL_ENABLE_DEBUG_INFO = INCLUDE_SOURCE;
				MTL_FAST_MATH = YES;
				ONLY_ACTIVE_ARCH = YES;
				SDKROOT = iphoneos;
				SWIFT_ACTIVE_COMPILATION_CONDITIONS = DEBUG;
				SWIFT_OPTIMIZATION_LEVEL = "-Onone";
			};
			name = Debug;
		};
		6321038728F06E7300CC1609 /* Release */ = {
			isa = XCBuildConfiguration;
			buildSettings = {
				ALWAYS_SEARCH_USER_PATHS = NO;
				CLANG_ANALYZER_NONNULL = YES;
				CLANG_ANALYZER_NUMBER_OBJECT_CONVERSION = YES_AGGRESSIVE;
				CLANG_CXX_LANGUAGE_STANDARD = "gnu++20";
				CLANG_ENABLE_MODULES = YES;
				CLANG_ENABLE_OBJC_ARC = YES;
				CLANG_ENABLE_OBJC_WEAK = YES;
				CLANG_WARN_BLOCK_CAPTURE_AUTORELEASING = YES;
				CLANG_WARN_BOOL_CONVERSION = YES;
				CLANG_WARN_COMMA = YES;
				CLANG_WARN_CONSTANT_CONVERSION = YES;
				CLANG_WARN_DEPRECATED_OBJC_IMPLEMENTATIONS = YES;
				CLANG_WARN_DIRECT_OBJC_ISA_USAGE = YES_ERROR;
				CLANG_WARN_DOCUMENTATION_COMMENTS = YES;
				CLANG_WARN_EMPTY_BODY = YES;
				CLANG_WARN_ENUM_CONVERSION = YES;
				CLANG_WARN_INFINITE_RECURSION = YES;
				CLANG_WARN_INT_CONVERSION = YES;
				CLANG_WARN_NON_LITERAL_NULL_CONVERSION = YES;
				CLANG_WARN_OBJC_IMPLICIT_RETAIN_SELF = YES;
				CLANG_WARN_OBJC_LITERAL_CONVERSION = YES;
				CLANG_WARN_OBJC_ROOT_CLASS = YES_ERROR;
				CLANG_WARN_QUOTED_INCLUDE_IN_FRAMEWORK_HEADER = YES;
				CLANG_WARN_RANGE_LOOP_ANALYSIS = YES;
				CLANG_WARN_STRICT_PROTOTYPES = YES;
				CLANG_WARN_SUSPICIOUS_MOVE = YES;
				CLANG_WARN_UNGUARDED_AVAILABILITY = YES_AGGRESSIVE;
				CLANG_WARN_UNREACHABLE_CODE = YES;
				CLANG_WARN__DUPLICATE_METHOD_MATCH = YES;
				COPY_PHASE_STRIP = NO;
				DEBUG_INFORMATION_FORMAT = "dwarf-with-dsym";
				ENABLE_NS_ASSERTIONS = NO;
				ENABLE_STRICT_OBJC_MSGSEND = YES;
				GCC_C_LANGUAGE_STANDARD = gnu11;
				GCC_NO_COMMON_BLOCKS = YES;
				GCC_WARN_64_TO_32_BIT_CONVERSION = YES;
				GCC_WARN_ABOUT_RETURN_TYPE = YES_ERROR;
				GCC_WARN_UNDECLARED_SELECTOR = YES;
				GCC_WARN_UNINITIALIZED_AUTOS = YES_AGGRESSIVE;
				GCC_WARN_UNUSED_FUNCTION = YES;
				GCC_WARN_UNUSED_VARIABLE = YES;
				IPHONEOS_DEPLOYMENT_TARGET = 16.0;
				MTL_ENABLE_DEBUG_INFO = NO;
				MTL_FAST_MATH = YES;
				SDKROOT = iphoneos;
				SWIFT_COMPILATION_MODE = wholemodule;
				SWIFT_OPTIMIZATION_LEVEL = "-O";
				VALIDATE_PRODUCT = YES;
			};
			name = Release;
		};
		6321038928F06E7300CC1609 /* Debug */ = {
			isa = XCBuildConfiguration;
			baseConfigurationReference = 430A5782C503446CF4E8AA8C /* Pods-VideoRecorder.debug.xcconfig */;
			buildSettings = {
				ASSETCATALOG_COMPILER_APPICON_NAME = AppIcon;
				ASSETCATALOG_COMPILER_GLOBAL_ACCENT_COLOR_NAME = AccentColor;
				CODE_SIGN_STYLE = Automatic;
				CURRENT_PROJECT_VERSION = 1;
				DEVELOPMENT_TEAM = "";
				GENERATE_INFOPLIST_FILE = YES;
				INFOPLIST_FILE = VideoRecorder/Info.plist;
				INFOPLIST_KEY_NSCameraUsageDescription = "";
				INFOPLIST_KEY_NSMicrophoneUsageDescription = "";
				INFOPLIST_KEY_UIApplicationSupportsIndirectInputEvents = YES;
				INFOPLIST_KEY_UILaunchStoryboardName = LaunchScreen;
				INFOPLIST_KEY_UIMainStoryboardFile = "";
				INFOPLIST_KEY_UISupportedInterfaceOrientations_iPad = "UIInterfaceOrientationPortrait UIInterfaceOrientationPortraitUpsideDown UIInterfaceOrientationLandscapeLeft UIInterfaceOrientationLandscapeRight";
				INFOPLIST_KEY_UISupportedInterfaceOrientations_iPhone = "UIInterfaceOrientationPortrait UIInterfaceOrientationLandscapeLeft UIInterfaceOrientationLandscapeRight";
				IPHONEOS_DEPLOYMENT_TARGET = 14.0;
				LD_RUNPATH_SEARCH_PATHS = (
					"$(inherited)",
					"@executable_path/Frameworks",
				);
				MARKETING_VERSION = 1.0;
				PRODUCT_BUNDLE_IDENTIFIER = net.yagom.VideoRecorder;
				PRODUCT_NAME = "$(TARGET_NAME)";
				SWIFT_EMIT_LOC_STRINGS = YES;
				SWIFT_VERSION = 5.0;
				TARGETED_DEVICE_FAMILY = "1,2";
			};
			name = Debug;
		};
		6321038A28F06E7300CC1609 /* Release */ = {
			isa = XCBuildConfiguration;
			baseConfigurationReference = 3B9BD4A1EAC5DD98AF8B3E1C /* Pods-VideoRecorder.release.xcconfig */;
			buildSettings = {
				ASSETCATALOG_COMPILER_APPICON_NAME = AppIcon;
				ASSETCATALOG_COMPILER_GLOBAL_ACCENT_COLOR_NAME = AccentColor;
				CODE_SIGN_STYLE = Automatic;
				CURRENT_PROJECT_VERSION = 1;
				DEVELOPMENT_TEAM = "";
				GENERATE_INFOPLIST_FILE = YES;
				INFOPLIST_FILE = VideoRecorder/Info.plist;
				INFOPLIST_KEY_NSCameraUsageDescription = "";
				INFOPLIST_KEY_NSMicrophoneUsageDescription = "";
				INFOPLIST_KEY_UIApplicationSupportsIndirectInputEvents = YES;
				INFOPLIST_KEY_UILaunchStoryboardName = LaunchScreen;
				INFOPLIST_KEY_UIMainStoryboardFile = "";
				INFOPLIST_KEY_UISupportedInterfaceOrientations_iPad = "UIInterfaceOrientationPortrait UIInterfaceOrientationPortraitUpsideDown UIInterfaceOrientationLandscapeLeft UIInterfaceOrientationLandscapeRight";
				INFOPLIST_KEY_UISupportedInterfaceOrientations_iPhone = "UIInterfaceOrientationPortrait UIInterfaceOrientationLandscapeLeft UIInterfaceOrientationLandscapeRight";
				IPHONEOS_DEPLOYMENT_TARGET = 14.0;
				LD_RUNPATH_SEARCH_PATHS = (
					"$(inherited)",
					"@executable_path/Frameworks",
				);
				MARKETING_VERSION = 1.0;
				PRODUCT_BUNDLE_IDENTIFIER = net.yagom.VideoRecorder;
				PRODUCT_NAME = "$(TARGET_NAME)";
				SWIFT_EMIT_LOC_STRINGS = YES;
				SWIFT_VERSION = 5.0;
				TARGETED_DEVICE_FAMILY = "1,2";
			};
			name = Release;
		};
/* End XCBuildConfiguration section */

/* Begin XCConfigurationList section */
		6321036F28F06E7200CC1609 /* Build configuration list for PBXProject "VideoRecorder" */ = {
			isa = XCConfigurationList;
			buildConfigurations = (
				6321038628F06E7300CC1609 /* Debug */,
				6321038728F06E7300CC1609 /* Release */,
			);
			defaultConfigurationIsVisible = 0;
			defaultConfigurationName = Release;
		};
		6321038828F06E7300CC1609 /* Build configuration list for PBXNativeTarget "VideoRecorder" */ = {
			isa = XCConfigurationList;
			buildConfigurations = (
				6321038928F06E7300CC1609 /* Debug */,
				6321038A28F06E7300CC1609 /* Release */,
			);
			defaultConfigurationIsVisible = 0;
			defaultConfigurationName = Release;
		};
/* End XCConfigurationList section */
	};
	rootObject = 6321036C28F06E7200CC1609 /* Project object */;
}
