// !$*UTF8*$!
{
	archiveVersion = 1;
	classes = {
	};
	objectVersion = 56;
	objects = {

/* Begin PBXBuildFile section */
		6280CDF72A32FAB700186985 /* RecordingViewModel.swift in Sources */ = {isa = PBXBuildFile; fileRef = 6280CDF62A32FAB700186985 /* RecordingViewModel.swift */; };
		6280CDFB2A3307DA00186985 /* UIControl+Combine.swift in Sources */ = {isa = PBXBuildFile; fileRef = 6280CDFA2A3307DA00186985 /* UIControl+Combine.swift */; };
		6280CDFD2A330FD400186985 /* UIButton+Combine.swift in Sources */ = {isa = PBXBuildFile; fileRef = 6280CDFC2A330FD400186985 /* UIButton+Combine.swift */; };
		6280CE012A335AFA00186985 /* CoreDataPersistenceService.swift in Sources */ = {isa = PBXBuildFile; fileRef = 6280CE002A335AFA00186985 /* CoreDataPersistenceService.swift */; };
		6280CE042A335F5F00186985 /* CoreDataVideoEntityPersistenceService.swift in Sources */ = {isa = PBXBuildFile; fileRef = 6280CE032A335F5F00186985 /* CoreDataVideoEntityPersistenceService.swift */; };
		6280CE082A33612600186985 /* CoreDataPersistenceServiceProtocol.swift in Sources */ = {isa = PBXBuildFile; fileRef = 6280CE072A33612600186985 /* CoreDataPersistenceServiceProtocol.swift */; };
		6280CE0B2A33788700186985 /* VideoRepository.swift in Sources */ = {isa = PBXBuildFile; fileRef = 6280CE0A2A33788700186985 /* VideoRepository.swift */; };
		6280CE0D2A33791700186985 /* CoreDataVideoPersistenceServiceProtocol.swift in Sources */ = {isa = PBXBuildFile; fileRef = 6280CE0C2A33791700186985 /* CoreDataVideoPersistenceServiceProtocol.swift */; };
		6280CE112A34107600186985 /* CreateVideoUseCase.swift in Sources */ = {isa = PBXBuildFile; fileRef = 6280CE102A34107600186985 /* CreateVideoUseCase.swift */; };
		6280CE172A34162D00186985 /* VideoRepositoryProtocol.swift in Sources */ = {isa = PBXBuildFile; fileRef = 6280CE162A34162D00186985 /* VideoRepositoryProtocol.swift */; };
		6280CE192A34181100186985 /* CreateVideoUseCaseProtocol.swift in Sources */ = {isa = PBXBuildFile; fileRef = 6280CE182A34181100186985 /* CreateVideoUseCaseProtocol.swift */; };
		6280CE1B2A3420C000186985 /* VideoGenerator.swift in Sources */ = {isa = PBXBuildFile; fileRef = 6280CE1A2A3420C000186985 /* VideoGenerator.swift */; };
		6280CE1D2A342B8100186985 /* Double+Extension.swift in Sources */ = {isa = PBXBuildFile; fileRef = 6280CE1C2A342B8100186985 /* Double+Extension.swift */; };
		6280CE1F2A342DA600186985 /* CGImage+Extension.swift in Sources */ = {isa = PBXBuildFile; fileRef = 6280CE1E2A342DA600186985 /* CGImage+Extension.swift */; };
		6280CE212A347A6D00186985 /* VideoListViewModel.swift in Sources */ = {isa = PBXBuildFile; fileRef = 6280CE202A347A6D00186985 /* VideoListViewModel.swift */; };
		6280CE232A347EB000186985 /* FetchVideoUseCase.swift in Sources */ = {isa = PBXBuildFile; fileRef = 6280CE222A347EB000186985 /* FetchVideoUseCase.swift */; };
		6280CE252A347F1A00186985 /* FetchVideoUseCaseProtocol.swift in Sources */ = {isa = PBXBuildFile; fileRef = 6280CE242A347F1A00186985 /* FetchVideoUseCaseProtocol.swift */; };
		6280CE272A348FF700186985 /* RefreshVideoUseCase.swift in Sources */ = {isa = PBXBuildFile; fileRef = 6280CE262A348FF700186985 /* RefreshVideoUseCase.swift */; };
		6280CE292A34900F00186985 /* RefreshVideoUseCaseProtocol.swift in Sources */ = {isa = PBXBuildFile; fileRef = 6280CE282A34900F00186985 /* RefreshVideoUseCaseProtocol.swift */; };
		6280CE2C2A34C69900186985 /* ImageFileManager.swift in Sources */ = {isa = PBXBuildFile; fileRef = 6280CE2B2A34C69900186985 /* ImageFileManager.swift */; };
		6280CE2E2A356CE100186985 /* DeleteVideoUseCase.swift in Sources */ = {isa = PBXBuildFile; fileRef = 6280CE2D2A356CE100186985 /* DeleteVideoUseCase.swift */; };
		6280CE302A356CFA00186985 /* DeleteVideoUseCaseProtocol.swift in Sources */ = {isa = PBXBuildFile; fileRef = 6280CE2F2A356CFA00186985 /* DeleteVideoUseCaseProtocol.swift */; };
		62922A072A31B5D70031559F /* RecordingVideoViewController.swift in Sources */ = {isa = PBXBuildFile; fileRef = 62922A062A31B5D70031559F /* RecordingVideoViewController.swift */; };
		62922A0D2A321E660031559F /* RecordManager.swift in Sources */ = {isa = PBXBuildFile; fileRef = 62922A0C2A321E660031559F /* RecordManager.swift */; };
		62C495FA2A30110500818DF1 /* VideoCell.swift in Sources */ = {isa = PBXBuildFile; fileRef = 62C495F92A30110500818DF1 /* VideoCell.swift */; };
		62C495FE2A301A8800818DF1 /* VideoEntity.swift in Sources */ = {isa = PBXBuildFile; fileRef = 62C495FD2A301A8800818DF1 /* VideoEntity.swift */; };
		62CA437C2A300CD000834D80 /* Video+CoreDataClass.swift in Sources */ = {isa = PBXBuildFile; fileRef = 62CA437A2A300CD000834D80 /* Video+CoreDataClass.swift */; };
		62CA437D2A300CD000834D80 /* Video+CoreDataProperties.swift in Sources */ = {isa = PBXBuildFile; fileRef = 62CA437B2A300CD000834D80 /* Video+CoreDataProperties.swift */; };
		62DAA79F2A30074D00EBCDAC /* AppDelegate.swift in Sources */ = {isa = PBXBuildFile; fileRef = 62DAA79E2A30074D00EBCDAC /* AppDelegate.swift */; };
		62DAA7A12A30074D00EBCDAC /* SceneDelegate.swift in Sources */ = {isa = PBXBuildFile; fileRef = 62DAA7A02A30074D00EBCDAC /* SceneDelegate.swift */; };
		62DAA7A32A30074D00EBCDAC /* VideoListViewController.swift in Sources */ = {isa = PBXBuildFile; fileRef = 62DAA7A22A30074D00EBCDAC /* VideoListViewController.swift */; };
		62DAA7A92A30074D00EBCDAC /* model.xcdatamodeld in Sources */ = {isa = PBXBuildFile; fileRef = 62DAA7A72A30074D00EBCDAC /* model.xcdatamodeld */; };
		62DAA7AB2A30074E00EBCDAC /* Assets.xcassets in Resources */ = {isa = PBXBuildFile; fileRef = 62DAA7AA2A30074E00EBCDAC /* Assets.xcassets */; };
		62DAA7AE2A30074E00EBCDAC /* LaunchScreen.storyboard in Resources */ = {isa = PBXBuildFile; fileRef = 62DAA7AC2A30074E00EBCDAC /* LaunchScreen.storyboard */; };
		62DAA7B62A3008F200EBCDAC /* GoogleService-Info.plist in Resources */ = {isa = PBXBuildFile; fileRef = 62DAA7B52A3008F200EBCDAC /* GoogleService-Info.plist */; };
		62DAA7B92A30096F00EBCDAC /* FirebaseFirestore in Frameworks */ = {isa = PBXBuildFile; productRef = 62DAA7B82A30096F00EBCDAC /* FirebaseFirestore */; };
/* End PBXBuildFile section */

/* Begin PBXFileReference section */
		6280CDF62A32FAB700186985 /* RecordingViewModel.swift */ = {isa = PBXFileReference; lastKnownFileType = sourcecode.swift; path = RecordingViewModel.swift; sourceTree = "<group>"; };
		6280CDFA2A3307DA00186985 /* UIControl+Combine.swift */ = {isa = PBXFileReference; lastKnownFileType = sourcecode.swift; path = "UIControl+Combine.swift"; sourceTree = "<group>"; };
		6280CDFC2A330FD400186985 /* UIButton+Combine.swift */ = {isa = PBXFileReference; lastKnownFileType = sourcecode.swift; path = "UIButton+Combine.swift"; sourceTree = "<group>"; };
		6280CE002A335AFA00186985 /* CoreDataPersistenceService.swift */ = {isa = PBXFileReference; lastKnownFileType = sourcecode.swift; path = CoreDataPersistenceService.swift; sourceTree = "<group>"; };
		6280CE032A335F5F00186985 /* CoreDataVideoEntityPersistenceService.swift */ = {isa = PBXFileReference; lastKnownFileType = sourcecode.swift; path = CoreDataVideoEntityPersistenceService.swift; sourceTree = "<group>"; };
		6280CE072A33612600186985 /* CoreDataPersistenceServiceProtocol.swift */ = {isa = PBXFileReference; lastKnownFileType = sourcecode.swift; path = CoreDataPersistenceServiceProtocol.swift; sourceTree = "<group>"; };
		6280CE0A2A33788700186985 /* VideoRepository.swift */ = {isa = PBXFileReference; lastKnownFileType = sourcecode.swift; path = VideoRepository.swift; sourceTree = "<group>"; };
		6280CE0C2A33791700186985 /* CoreDataVideoPersistenceServiceProtocol.swift */ = {isa = PBXFileReference; lastKnownFileType = sourcecode.swift; path = CoreDataVideoPersistenceServiceProtocol.swift; sourceTree = "<group>"; };
		6280CE102A34107600186985 /* CreateVideoUseCase.swift */ = {isa = PBXFileReference; lastKnownFileType = sourcecode.swift; path = CreateVideoUseCase.swift; sourceTree = "<group>"; };
		6280CE162A34162D00186985 /* VideoRepositoryProtocol.swift */ = {isa = PBXFileReference; lastKnownFileType = sourcecode.swift; path = VideoRepositoryProtocol.swift; sourceTree = "<group>"; };
		6280CE182A34181100186985 /* CreateVideoUseCaseProtocol.swift */ = {isa = PBXFileReference; lastKnownFileType = sourcecode.swift; path = CreateVideoUseCaseProtocol.swift; sourceTree = "<group>"; };
		6280CE1A2A3420C000186985 /* VideoGenerator.swift */ = {isa = PBXFileReference; lastKnownFileType = sourcecode.swift; path = VideoGenerator.swift; sourceTree = "<group>"; };
		6280CE1C2A342B8100186985 /* Double+Extension.swift */ = {isa = PBXFileReference; lastKnownFileType = sourcecode.swift; name = "Double+Extension.swift"; path = "Combine/Double+Extension.swift"; sourceTree = "<group>"; };
		6280CE1E2A342DA600186985 /* CGImage+Extension.swift */ = {isa = PBXFileReference; lastKnownFileType = sourcecode.swift; path = "CGImage+Extension.swift"; sourceTree = "<group>"; };
		6280CE202A347A6D00186985 /* VideoListViewModel.swift */ = {isa = PBXFileReference; lastKnownFileType = sourcecode.swift; path = VideoListViewModel.swift; sourceTree = "<group>"; };
		6280CE222A347EB000186985 /* FetchVideoUseCase.swift */ = {isa = PBXFileReference; lastKnownFileType = sourcecode.swift; path = FetchVideoUseCase.swift; sourceTree = "<group>"; };
		6280CE242A347F1A00186985 /* FetchVideoUseCaseProtocol.swift */ = {isa = PBXFileReference; lastKnownFileType = sourcecode.swift; path = FetchVideoUseCaseProtocol.swift; sourceTree = "<group>"; };
		6280CE262A348FF700186985 /* RefreshVideoUseCase.swift */ = {isa = PBXFileReference; lastKnownFileType = sourcecode.swift; path = RefreshVideoUseCase.swift; sourceTree = "<group>"; };
		6280CE282A34900F00186985 /* RefreshVideoUseCaseProtocol.swift */ = {isa = PBXFileReference; lastKnownFileType = sourcecode.swift; path = RefreshVideoUseCaseProtocol.swift; sourceTree = "<group>"; };
		6280CE2B2A34C69900186985 /* ImageFileManager.swift */ = {isa = PBXFileReference; lastKnownFileType = sourcecode.swift; path = ImageFileManager.swift; sourceTree = "<group>"; };
		6280CE2D2A356CE100186985 /* DeleteVideoUseCase.swift */ = {isa = PBXFileReference; lastKnownFileType = sourcecode.swift; path = DeleteVideoUseCase.swift; sourceTree = "<group>"; };
		6280CE2F2A356CFA00186985 /* DeleteVideoUseCaseProtocol.swift */ = {isa = PBXFileReference; lastKnownFileType = sourcecode.swift; path = DeleteVideoUseCaseProtocol.swift; sourceTree = "<group>"; };
		62922A062A31B5D70031559F /* RecordingVideoViewController.swift */ = {isa = PBXFileReference; lastKnownFileType = sourcecode.swift; path = RecordingVideoViewController.swift; sourceTree = "<group>"; };
		62922A0C2A321E660031559F /* RecordManager.swift */ = {isa = PBXFileReference; lastKnownFileType = sourcecode.swift; path = RecordManager.swift; sourceTree = "<group>"; };
		62C495F92A30110500818DF1 /* VideoCell.swift */ = {isa = PBXFileReference; lastKnownFileType = sourcecode.swift; path = VideoCell.swift; sourceTree = "<group>"; };
		62C495FD2A301A8800818DF1 /* VideoEntity.swift */ = {isa = PBXFileReference; lastKnownFileType = sourcecode.swift; path = VideoEntity.swift; sourceTree = "<group>"; };
		62CA437A2A300CD000834D80 /* Video+CoreDataClass.swift */ = {isa = PBXFileReference; lastKnownFileType = sourcecode.swift; path = "Video+CoreDataClass.swift"; sourceTree = "<group>"; };
		62CA437B2A300CD000834D80 /* Video+CoreDataProperties.swift */ = {isa = PBXFileReference; lastKnownFileType = sourcecode.swift; path = "Video+CoreDataProperties.swift"; sourceTree = "<group>"; };
		62DAA79B2A30074D00EBCDAC /* ios-wanted-VideoRecorder.app */ = {isa = PBXFileReference; explicitFileType = wrapper.application; includeInIndex = 0; path = "ios-wanted-VideoRecorder.app"; sourceTree = BUILT_PRODUCTS_DIR; };
		62DAA79E2A30074D00EBCDAC /* AppDelegate.swift */ = {isa = PBXFileReference; lastKnownFileType = sourcecode.swift; path = AppDelegate.swift; sourceTree = "<group>"; };
		62DAA7A02A30074D00EBCDAC /* SceneDelegate.swift */ = {isa = PBXFileReference; lastKnownFileType = sourcecode.swift; path = SceneDelegate.swift; sourceTree = "<group>"; };
		62DAA7A22A30074D00EBCDAC /* VideoListViewController.swift */ = {isa = PBXFileReference; lastKnownFileType = sourcecode.swift; path = VideoListViewController.swift; sourceTree = "<group>"; };
		62DAA7A82A30074D00EBCDAC /* ios_wanted_VideoRecorder.xcdatamodel */ = {isa = PBXFileReference; lastKnownFileType = wrapper.xcdatamodel; path = ios_wanted_VideoRecorder.xcdatamodel; sourceTree = "<group>"; };
		62DAA7AA2A30074E00EBCDAC /* Assets.xcassets */ = {isa = PBXFileReference; lastKnownFileType = folder.assetcatalog; path = Assets.xcassets; sourceTree = "<group>"; };
		62DAA7AD2A30074E00EBCDAC /* Base */ = {isa = PBXFileReference; lastKnownFileType = file.storyboard; name = Base; path = Base.lproj/LaunchScreen.storyboard; sourceTree = "<group>"; };
		62DAA7AF2A30074E00EBCDAC /* Info.plist */ = {isa = PBXFileReference; lastKnownFileType = text.plist.xml; path = Info.plist; sourceTree = "<group>"; };
		62DAA7B52A3008F200EBCDAC /* GoogleService-Info.plist */ = {isa = PBXFileReference; fileEncoding = 4; lastKnownFileType = text.plist.xml; path = "GoogleService-Info.plist"; sourceTree = "<group>"; };
/* End PBXFileReference section */

/* Begin PBXFrameworksBuildPhase section */
		62DAA7982A30074D00EBCDAC /* Frameworks */ = {
			isa = PBXFrameworksBuildPhase;
			buildActionMask = 2147483647;
			files = (
				62DAA7B92A30096F00EBCDAC /* FirebaseFirestore in Frameworks */,
			);
			runOnlyForDeploymentPostprocessing = 0;
		};
/* End PBXFrameworksBuildPhase section */

/* Begin PBXGroup section */
		6280CDF82A3307AD00186985 /* Extension */ = {
			isa = PBXGroup;
			children = (
				6280CDF92A3307BD00186985 /* Combine */,
				6280CE1C2A342B8100186985 /* Double+Extension.swift */,
				6280CE1E2A342DA600186985 /* CGImage+Extension.swift */,
			);
			path = Extension;
			sourceTree = "<group>";
		};
		6280CDF92A3307BD00186985 /* Combine */ = {
			isa = PBXGroup;
			children = (
				6280CDFA2A3307DA00186985 /* UIControl+Combine.swift */,
				6280CDFC2A330FD400186985 /* UIButton+Combine.swift */,
			);
			path = Combine;
			sourceTree = "<group>";
		};
		6280CDFE2A33577100186985 /* Service */ = {
			isa = PBXGroup;
			children = (
				6280CDFF2A335A4C00186985 /* CoreData */,
			);
			path = Service;
			sourceTree = "<group>";
		};
		6280CDFF2A335A4C00186985 /* CoreData */ = {
			isa = PBXGroup;
			children = (
				6280CE002A335AFA00186985 /* CoreDataPersistenceService.swift */,
				6280CE032A335F5F00186985 /* CoreDataVideoEntityPersistenceService.swift */,
				62CA437A2A300CD000834D80 /* Video+CoreDataClass.swift */,
				62CA437B2A300CD000834D80 /* Video+CoreDataProperties.swift */,
			);
			path = CoreData;
			sourceTree = "<group>";
		};
		6280CE052A3360A700186985 /* Data */ = {
			isa = PBXGroup;
			children = (
				6280CE092A33787600186985 /* Repositories */,
				6280CE062A33611200186985 /* Interfaces */,
			);
			path = Data;
			sourceTree = "<group>";
		};
		6280CE062A33611200186985 /* Interfaces */ = {
			isa = PBXGroup;
			children = (
				6280CE072A33612600186985 /* CoreDataPersistenceServiceProtocol.swift */,
				6280CE0C2A33791700186985 /* CoreDataVideoPersistenceServiceProtocol.swift */,
			);
			path = Interfaces;
			sourceTree = "<group>";
		};
		6280CE092A33787600186985 /* Repositories */ = {
			isa = PBXGroup;
			children = (
				6280CE0A2A33788700186985 /* VideoRepository.swift */,
			);
			path = Repositories;
			sourceTree = "<group>";
		};
		6280CE0F2A34106000186985 /* UseCases */ = {
			isa = PBXGroup;
			children = (
				6280CE102A34107600186985 /* CreateVideoUseCase.swift */,
				6280CE222A347EB000186985 /* FetchVideoUseCase.swift */,
				6280CE262A348FF700186985 /* RefreshVideoUseCase.swift */,
				6280CE2D2A356CE100186985 /* DeleteVideoUseCase.swift */,
			);
			path = UseCases;
			sourceTree = "<group>";
		};
		6280CE132A3415E800186985 /* Interfaces */ = {
			isa = PBXGroup;
			children = (
				6280CE142A34160B00186985 /* UseCases */,
				6280CE152A34161300186985 /* Repositories */,
			);
			path = Interfaces;
			sourceTree = "<group>";
		};
		6280CE142A34160B00186985 /* UseCases */ = {
			isa = PBXGroup;
			children = (
				6280CE182A34181100186985 /* CreateVideoUseCaseProtocol.swift */,
				6280CE242A347F1A00186985 /* FetchVideoUseCaseProtocol.swift */,
				6280CE282A34900F00186985 /* RefreshVideoUseCaseProtocol.swift */,
				6280CE2F2A356CFA00186985 /* DeleteVideoUseCaseProtocol.swift */,
			);
			path = UseCases;
			sourceTree = "<group>";
		};
		6280CE152A34161300186985 /* Repositories */ = {
			isa = PBXGroup;
			children = (
				6280CE162A34162D00186985 /* VideoRepositoryProtocol.swift */,
			);
			path = Repositories;
			sourceTree = "<group>";
		};
		6280CE2A2A34C67E00186985 /* Util */ = {
			isa = PBXGroup;
			children = (
				6280CE2B2A34C69900186985 /* ImageFileManager.swift */,
			);
			path = Util;
			sourceTree = "<group>";
		};
		62922A082A31B5FF0031559F /* RecordingScene */ = {
			isa = PBXGroup;
			children = (
				62922A062A31B5D70031559F /* RecordingVideoViewController.swift */,
				6280CDF62A32FAB700186985 /* RecordingViewModel.swift */,
				62922A0C2A321E660031559F /* RecordManager.swift */,
				6280CE1A2A3420C000186985 /* VideoGenerator.swift */,
			);
			path = RecordingScene;
			sourceTree = "<group>";
		};
		62C495F82A30103D00818DF1 /* VideoScene */ = {
			isa = PBXGroup;
			children = (
				62DAA7A22A30074D00EBCDAC /* VideoListViewController.swift */,
				6280CE202A347A6D00186985 /* VideoListViewModel.swift */,
				62C495F92A30110500818DF1 /* VideoCell.swift */,
			);
			path = VideoScene;
			sourceTree = "<group>";
		};
		62C495FB2A30196D00818DF1 /* Domain */ = {
			isa = PBXGroup;
			children = (
				62C495FC2A3019E900818DF1 /* Entities */,
				6280CE0F2A34106000186985 /* UseCases */,
				6280CE132A3415E800186985 /* Interfaces */,
			);
			path = Domain;
			sourceTree = "<group>";
		};
		62C495FC2A3019E900818DF1 /* Entities */ = {
			isa = PBXGroup;
			children = (
				62C495FD2A301A8800818DF1 /* VideoEntity.swift */,
			);
			path = Entities;
			sourceTree = "<group>";
		};
		62DAA7922A30074D00EBCDAC = {
			isa = PBXGroup;
			children = (
				62DAA79D2A30074D00EBCDAC /* ios-wanted-VideoRecorder */,
				62DAA79C2A30074D00EBCDAC /* Products */,
			);
			sourceTree = "<group>";
		};
		62DAA79C2A30074D00EBCDAC /* Products */ = {
			isa = PBXGroup;
			children = (
				62DAA79B2A30074D00EBCDAC /* ios-wanted-VideoRecorder.app */,
			);
			name = Products;
			sourceTree = "<group>";
		};
		62DAA79D2A30074D00EBCDAC /* ios-wanted-VideoRecorder */ = {
			isa = PBXGroup;
			children = (
				6280CE2A2A34C67E00186985 /* Util */,
				62C495FB2A30196D00818DF1 /* Domain */,
				6280CE052A3360A700186985 /* Data */,
				62C495F82A30103D00818DF1 /* VideoScene */,
				62922A082A31B5FF0031559F /* RecordingScene */,
				6280CDF82A3307AD00186985 /* Extension */,
				6280CDFE2A33577100186985 /* Service */,
				62DAA79E2A30074D00EBCDAC /* AppDelegate.swift */,
				62DAA7A02A30074D00EBCDAC /* SceneDelegate.swift */,
				62DAA7AA2A30074E00EBCDAC /* Assets.xcassets */,
				62DAA7AC2A30074E00EBCDAC /* LaunchScreen.storyboard */,
				62DAA7AF2A30074E00EBCDAC /* Info.plist */,
				62DAA7B52A3008F200EBCDAC /* GoogleService-Info.plist */,
				62DAA7A72A30074D00EBCDAC /* model.xcdatamodeld */,
			);
			path = "ios-wanted-VideoRecorder";
			sourceTree = "<group>";
		};
/* End PBXGroup section */

/* Begin PBXNativeTarget section */
		62DAA79A2A30074D00EBCDAC /* ios-wanted-VideoRecorder */ = {
			isa = PBXNativeTarget;
			buildConfigurationList = 62DAA7B22A30074E00EBCDAC /* Build configuration list for PBXNativeTarget "ios-wanted-VideoRecorder" */;
			buildPhases = (
				62DAA7972A30074D00EBCDAC /* Sources */,
				62DAA7982A30074D00EBCDAC /* Frameworks */,
				62DAA7992A30074D00EBCDAC /* Resources */,
			);
			buildRules = (
			);
			dependencies = (
			);
			name = "ios-wanted-VideoRecorder";
			packageProductDependencies = (
				62DAA7B82A30096F00EBCDAC /* FirebaseFirestore */,
			);
			productName = "ios-wanted-VideoRecorder";
			productReference = 62DAA79B2A30074D00EBCDAC /* ios-wanted-VideoRecorder.app */;
			productType = "com.apple.product-type.application";
		};
/* End PBXNativeTarget section */

/* Begin PBXProject section */
		62DAA7932A30074D00EBCDAC /* Project object */ = {
			isa = PBXProject;
			attributes = {
				BuildIndependentTargetsInParallel = 1;
				LastSwiftUpdateCheck = 1430;
				LastUpgradeCheck = 1430;
				TargetAttributes = {
					62DAA79A2A30074D00EBCDAC = {
						CreatedOnToolsVersion = 14.3.1;
					};
				};
			};
			buildConfigurationList = 62DAA7962A30074D00EBCDAC /* Build configuration list for PBXProject "ios-wanted-VideoRecorder" */;
			compatibilityVersion = "Xcode 14.0";
			developmentRegion = en;
			hasScannedForEncodings = 0;
			knownRegions = (
				en,
				Base,
			);
			mainGroup = 62DAA7922A30074D00EBCDAC;
			packageReferences = (
				62DAA7B72A30096F00EBCDAC /* XCRemoteSwiftPackageReference "firebase-ios-sdk" */,
			);
			productRefGroup = 62DAA79C2A30074D00EBCDAC /* Products */;
			projectDirPath = "";
			projectRoot = "";
			targets = (
				62DAA79A2A30074D00EBCDAC /* ios-wanted-VideoRecorder */,
			);
		};
/* End PBXProject section */

/* Begin PBXResourcesBuildPhase section */
		62DAA7992A30074D00EBCDAC /* Resources */ = {
			isa = PBXResourcesBuildPhase;
			buildActionMask = 2147483647;
			files = (
				62DAA7AE2A30074E00EBCDAC /* LaunchScreen.storyboard in Resources */,
				62DAA7B62A3008F200EBCDAC /* GoogleService-Info.plist in Resources */,
				62DAA7AB2A30074E00EBCDAC /* Assets.xcassets in Resources */,
			);
			runOnlyForDeploymentPostprocessing = 0;
		};
/* End PBXResourcesBuildPhase section */

/* Begin PBXSourcesBuildPhase section */
		62DAA7972A30074D00EBCDAC /* Sources */ = {
			isa = PBXSourcesBuildPhase;
			buildActionMask = 2147483647;
			files = (
				6280CE302A356CFA00186985 /* DeleteVideoUseCaseProtocol.swift in Sources */,
				6280CE012A335AFA00186985 /* CoreDataPersistenceService.swift in Sources */,
				6280CE172A34162D00186985 /* VideoRepositoryProtocol.swift in Sources */,
				62CA437C2A300CD000834D80 /* Video+CoreDataClass.swift in Sources */,
				6280CE272A348FF700186985 /* RefreshVideoUseCase.swift in Sources */,
				6280CE042A335F5F00186985 /* CoreDataVideoEntityPersistenceService.swift in Sources */,
				6280CDFB2A3307DA00186985 /* UIControl+Combine.swift in Sources */,
				6280CE252A347F1A00186985 /* FetchVideoUseCaseProtocol.swift in Sources */,
				6280CE1B2A3420C000186985 /* VideoGenerator.swift in Sources */,
				62C495FA2A30110500818DF1 /* VideoCell.swift in Sources */,
				62DAA7A32A30074D00EBCDAC /* VideoListViewController.swift in Sources */,
				6280CE0D2A33791700186985 /* CoreDataVideoPersistenceServiceProtocol.swift in Sources */,
				6280CE292A34900F00186985 /* RefreshVideoUseCaseProtocol.swift in Sources */,
				62DAA79F2A30074D00EBCDAC /* AppDelegate.swift in Sources */,
				62DAA7A92A30074D00EBCDAC /* model.xcdatamodeld in Sources */,
				62C495FE2A301A8800818DF1 /* VideoEntity.swift in Sources */,
				6280CDFD2A330FD400186985 /* UIButton+Combine.swift in Sources */,
				6280CE192A34181100186985 /* CreateVideoUseCaseProtocol.swift in Sources */,
				6280CE2E2A356CE100186985 /* DeleteVideoUseCase.swift in Sources */,
				62922A072A31B5D70031559F /* RecordingVideoViewController.swift in Sources */,
				6280CE1D2A342B8100186985 /* Double+Extension.swift in Sources */,
				62DAA7A12A30074D00EBCDAC /* SceneDelegate.swift in Sources */,
				62922A0D2A321E660031559F /* RecordManager.swift in Sources */,
				6280CDF72A32FAB700186985 /* RecordingViewModel.swift in Sources */,
				6280CE082A33612600186985 /* CoreDataPersistenceServiceProtocol.swift in Sources */,
				6280CE0B2A33788700186985 /* VideoRepository.swift in Sources */,
				6280CE112A34107600186985 /* CreateVideoUseCase.swift in Sources */,
				6280CE2C2A34C69900186985 /* ImageFileManager.swift in Sources */,
				62CA437D2A300CD000834D80 /* Video+CoreDataProperties.swift in Sources */,
				6280CE212A347A6D00186985 /* VideoListViewModel.swift in Sources */,
				6280CE232A347EB000186985 /* FetchVideoUseCase.swift in Sources */,
				6280CE1F2A342DA600186985 /* CGImage+Extension.swift in Sources */,
			);
			runOnlyForDeploymentPostprocessing = 0;
		};
/* End PBXSourcesBuildPhase section */

/* Begin PBXVariantGroup section */
		62DAA7AC2A30074E00EBCDAC /* LaunchScreen.storyboard */ = {
			isa = PBXVariantGroup;
			children = (
				62DAA7AD2A30074E00EBCDAC /* Base */,
			);
			name = LaunchScreen.storyboard;
			sourceTree = "<group>";
		};
/* End PBXVariantGroup section */

/* Begin XCBuildConfiguration section */
		62DAA7B02A30074E00EBCDAC /* Debug */ = {
			isa = XCBuildConfiguration;
			buildSettings = {
				ALWAYS_SEARCH_USER_PATHS = NO;
				CLANG_ANALYZER_NONNULL = YES;
				CLANG_ANALYZER_NUMBER_OBJECT_CONVERSION = YES_AGGRESSIVE;
				CLANG_CXX_LANGUAGE_STANDARD = "gnu++20";
				CLANG_ENABLE_MODULES = YES;
				CLANG_ENABLE_OBJC_ARC = YES;
				CLANG_ENABLE_OBJC_WEAK = YES;
				CLANG_WARN_BLOCK_CAPTURE_AUTORELEASING = YES;
				CLANG_WARN_BOOL_CONVERSION = YES;
				CLANG_WARN_COMMA = YES;
				CLANG_WARN_CONSTANT_CONVERSION = YES;
				CLANG_WARN_DEPRECATED_OBJC_IMPLEMENTATIONS = YES;
				CLANG_WARN_DIRECT_OBJC_ISA_USAGE = YES_ERROR;
				CLANG_WARN_DOCUMENTATION_COMMENTS = YES;
				CLANG_WARN_EMPTY_BODY = YES;
				CLANG_WARN_ENUM_CONVERSION = YES;
				CLANG_WARN_INFINITE_RECURSION = YES;
				CLANG_WARN_INT_CONVERSION = YES;
				CLANG_WARN_NON_LITERAL_NULL_CONVERSION = YES;
				CLANG_WARN_OBJC_IMPLICIT_RETAIN_SELF = YES;
				CLANG_WARN_OBJC_LITERAL_CONVERSION = YES;
				CLANG_WARN_OBJC_ROOT_CLASS = YES_ERROR;
				CLANG_WARN_QUOTED_INCLUDE_IN_FRAMEWORK_HEADER = YES;
				CLANG_WARN_RANGE_LOOP_ANALYSIS = YES;
				CLANG_WARN_STRICT_PROTOTYPES = YES;
				CLANG_WARN_SUSPICIOUS_MOVE = YES;
				CLANG_WARN_UNGUARDED_AVAILABILITY = YES_AGGRESSIVE;
				CLANG_WARN_UNREACHABLE_CODE = YES;
				CLANG_WARN__DUPLICATE_METHOD_MATCH = YES;
				COPY_PHASE_STRIP = NO;
				DEBUG_INFORMATION_FORMAT = dwarf;
				ENABLE_STRICT_OBJC_MSGSEND = YES;
				ENABLE_TESTABILITY = YES;
				GCC_C_LANGUAGE_STANDARD = gnu11;
				GCC_DYNAMIC_NO_PIC = NO;
				GCC_NO_COMMON_BLOCKS = YES;
				GCC_OPTIMIZATION_LEVEL = 0;
				GCC_PREPROCESSOR_DEFINITIONS = (
					"DEBUG=1",
					"$(inherited)",
				);
				GCC_WARN_64_TO_32_BIT_CONVERSION = YES;
				GCC_WARN_ABOUT_RETURN_TYPE = YES_ERROR;
				GCC_WARN_UNDECLARED_SELECTOR = YES;
				GCC_WARN_UNINITIALIZED_AUTOS = YES_AGGRESSIVE;
				GCC_WARN_UNUSED_FUNCTION = YES;
				GCC_WARN_UNUSED_VARIABLE = YES;
				IPHONEOS_DEPLOYMENT_TARGET = 16.4;
				MTL_ENABLE_DEBUG_INFO = INCLUDE_SOURCE;
				MTL_FAST_MATH = YES;
				ONLY_ACTIVE_ARCH = YES;
				SDKROOT = iphoneos;
				SWIFT_ACTIVE_COMPILATION_CONDITIONS = DEBUG;
				SWIFT_OPTIMIZATION_LEVEL = "-Onone";
			};
			name = Debug;
		};
		62DAA7B12A30074E00EBCDAC /* Release */ = {
			isa = XCBuildConfiguration;
			buildSettings = {
				ALWAYS_SEARCH_USER_PATHS = NO;
				CLANG_ANALYZER_NONNULL = YES;
				CLANG_ANALYZER_NUMBER_OBJECT_CONVERSION = YES_AGGRESSIVE;
				CLANG_CXX_LANGUAGE_STANDARD = "gnu++20";
				CLANG_ENABLE_MODULES = YES;
				CLANG_ENABLE_OBJC_ARC = YES;
				CLANG_ENABLE_OBJC_WEAK = YES;
				CLANG_WARN_BLOCK_CAPTURE_AUTORELEASING = YES;
				CLANG_WARN_BOOL_CONVERSION = YES;
				CLANG_WARN_COMMA = YES;
				CLANG_WARN_CONSTANT_CONVERSION = YES;
				CLANG_WARN_DEPRECATED_OBJC_IMPLEMENTATIONS = YES;
				CLANG_WARN_DIRECT_OBJC_ISA_USAGE = YES_ERROR;
				CLANG_WARN_DOCUMENTATION_COMMENTS = YES;
				CLANG_WARN_EMPTY_BODY = YES;
				CLANG_WARN_ENUM_CONVERSION = YES;
				CLANG_WARN_INFINITE_RECURSION = YES;
				CLANG_WARN_INT_CONVERSION = YES;
				CLANG_WARN_NON_LITERAL_NULL_CONVERSION = YES;
				CLANG_WARN_OBJC_IMPLICIT_RETAIN_SELF = YES;
				CLANG_WARN_OBJC_LITERAL_CONVERSION = YES;
				CLANG_WARN_OBJC_ROOT_CLASS = YES_ERROR;
				CLANG_WARN_QUOTED_INCLUDE_IN_FRAMEWORK_HEADER = YES;
				CLANG_WARN_RANGE_LOOP_ANALYSIS = YES;
				CLANG_WARN_STRICT_PROTOTYPES = YES;
				CLANG_WARN_SUSPICIOUS_MOVE = YES;
				CLANG_WARN_UNGUARDED_AVAILABILITY = YES_AGGRESSIVE;
				CLANG_WARN_UNREACHABLE_CODE = YES;
				CLANG_WARN__DUPLICATE_METHOD_MATCH = YES;
				COPY_PHASE_STRIP = NO;
				DEBUG_INFORMATION_FORMAT = "dwarf-with-dsym";
				ENABLE_NS_ASSERTIONS = NO;
				ENABLE_STRICT_OBJC_MSGSEND = YES;
				GCC_C_LANGUAGE_STANDARD = gnu11;
				GCC_NO_COMMON_BLOCKS = YES;
				GCC_WARN_64_TO_32_BIT_CONVERSION = YES;
				GCC_WARN_ABOUT_RETURN_TYPE = YES_ERROR;
				GCC_WARN_UNDECLARED_SELECTOR = YES;
				GCC_WARN_UNINITIALIZED_AUTOS = YES_AGGRESSIVE;
				GCC_WARN_UNUSED_FUNCTION = YES;
				GCC_WARN_UNUSED_VARIABLE = YES;
				IPHONEOS_DEPLOYMENT_TARGET = 16.4;
				MTL_ENABLE_DEBUG_INFO = NO;
				MTL_FAST_MATH = YES;
				SDKROOT = iphoneos;
				SWIFT_COMPILATION_MODE = wholemodule;
				SWIFT_OPTIMIZATION_LEVEL = "-O";
				VALIDATE_PRODUCT = YES;
			};
			name = Release;
		};
		62DAA7B32A30074E00EBCDAC /* Debug */ = {
			isa = XCBuildConfiguration;
			buildSettings = {
				ASSETCATALOG_COMPILER_APPICON_NAME = AppIcon;
				ASSETCATALOG_COMPILER_GLOBAL_ACCENT_COLOR_NAME = AccentColor;
				CODE_SIGN_STYLE = Automatic;
				CURRENT_PROJECT_VERSION = 1;
				DEVELOPMENT_TEAM = ANQMFHY9YH;
				GENERATE_INFOPLIST_FILE = YES;
				INFOPLIST_FILE = "ios-wanted-VideoRecorder/Info.plist";
				INFOPLIST_KEY_UIApplicationSupportsIndirectInputEvents = YES;
				INFOPLIST_KEY_UILaunchStoryboardName = LaunchScreen;
				INFOPLIST_KEY_UISupportedInterfaceOrientations_iPad = "UIInterfaceOrientationPortrait UIInterfaceOrientationPortraitUpsideDown UIInterfaceOrientationLandscapeLeft UIInterfaceOrientationLandscapeRight";
				INFOPLIST_KEY_UISupportedInterfaceOrientations_iPhone = "UIInterfaceOrientationPortrait UIInterfaceOrientationLandscapeLeft UIInterfaceOrientationLandscapeRight";
				IPHONEOS_DEPLOYMENT_TARGET = 14.0;
				LD_RUNPATH_SEARCH_PATHS = (
					"$(inherited)",
					"@executable_path/Frameworks",
				);
				MARKETING_VERSION = 1.0;
				PRODUCT_BUNDLE_IDENTIFIER = "com.seunghyun.ios-wanted-VideoRecorder-brody";
				PRODUCT_NAME = "$(TARGET_NAME)";
				SWIFT_EMIT_LOC_STRINGS = YES;
				SWIFT_VERSION = 5.0;
				TARGETED_DEVICE_FAMILY = "1,2";
			};
			name = Debug;
		};
		62DAA7B42A30074E00EBCDAC /* Release */ = {
			isa = XCBuildConfiguration;
			buildSettings = {
				ASSETCATALOG_COMPILER_APPICON_NAME = AppIcon;
				ASSETCATALOG_COMPILER_GLOBAL_ACCENT_COLOR_NAME = AccentColor;
				CODE_SIGN_STYLE = Automatic;
				CURRENT_PROJECT_VERSION = 1;
				DEVELOPMENT_TEAM = ANQMFHY9YH;
				GENERATE_INFOPLIST_FILE = YES;
				INFOPLIST_FILE = "ios-wanted-VideoRecorder/Info.plist";
				INFOPLIST_KEY_UIApplicationSupportsIndirectInputEvents = YES;
				INFOPLIST_KEY_UILaunchStoryboardName = LaunchScreen;
				INFOPLIST_KEY_UISupportedInterfaceOrientations_iPad = "UIInterfaceOrientationPortrait UIInterfaceOrientationPortraitUpsideDown UIInterfaceOrientationLandscapeLeft UIInterfaceOrientationLandscapeRight";
				INFOPLIST_KEY_UISupportedInterfaceOrientations_iPhone = "UIInterfaceOrientationPortrait UIInterfaceOrientationLandscapeLeft UIInterfaceOrientationLandscapeRight";
				IPHONEOS_DEPLOYMENT_TARGET = 14.0;
				LD_RUNPATH_SEARCH_PATHS = (
					"$(inherited)",
					"@executable_path/Frameworks",
				);
				MARKETING_VERSION = 1.0;
				PRODUCT_BUNDLE_IDENTIFIER = "com.seunghyun.ios-wanted-VideoRecorder-brody";
				PRODUCT_NAME = "$(TARGET_NAME)";
				SWIFT_EMIT_LOC_STRINGS = YES;
				SWIFT_VERSION = 5.0;
				TARGETED_DEVICE_FAMILY = "1,2";
			};
			name = Release;
		};
/* End XCBuildConfiguration section */

/* Begin XCConfigurationList section */
		62DAA7962A30074D00EBCDAC /* Build configuration list for PBXProject "ios-wanted-VideoRecorder" */ = {
			isa = XCConfigurationList;
			buildConfigurations = (
				62DAA7B02A30074E00EBCDAC /* Debug */,
				62DAA7B12A30074E00EBCDAC /* Release */,
			);
			defaultConfigurationIsVisible = 0;
			defaultConfigurationName = Release;
		};
		62DAA7B22A30074E00EBCDAC /* Build configuration list for PBXNativeTarget "ios-wanted-VideoRecorder" */ = {
			isa = XCConfigurationList;
			buildConfigurations = (
				62DAA7B32A30074E00EBCDAC /* Debug */,
				62DAA7B42A30074E00EBCDAC /* Release */,
			);
			defaultConfigurationIsVisible = 0;
			defaultConfigurationName = Release;
		};
/* End XCConfigurationList section */

/* Begin XCRemoteSwiftPackageReference section */
		62DAA7B72A30096F00EBCDAC /* XCRemoteSwiftPackageReference "firebase-ios-sdk" */ = {
			isa = XCRemoteSwiftPackageReference;
			repositoryURL = "https://github.com/firebase/firebase-ios-sdk";
			requirement = {
				kind = upToNextMajorVersion;
				minimumVersion = 10.0.0;
			};
		};
/* End XCRemoteSwiftPackageReference section */

/* Begin XCSwiftPackageProductDependency section */
		62DAA7B82A30096F00EBCDAC /* FirebaseFirestore */ = {
			isa = XCSwiftPackageProductDependency;
			package = 62DAA7B72A30096F00EBCDAC /* XCRemoteSwiftPackageReference "firebase-ios-sdk" */;
			productName = FirebaseFirestore;
		};
/* End XCSwiftPackageProductDependency section */

/* Begin XCVersionGroup section */
		62DAA7A72A30074D00EBCDAC /* model.xcdatamodeld */ = {
			isa = XCVersionGroup;
			children = (
				62DAA7A82A30074D00EBCDAC /* ios_wanted_VideoRecorder.xcdatamodel */,
			);
			currentVersion = 62DAA7A82A30074D00EBCDAC /* ios_wanted_VideoRecorder.xcdatamodel */;
			path = model.xcdatamodeld;
			sourceTree = "<group>";
			versionGroupType = wrapper.xcdatamodel;
		};
/* End XCVersionGroup section */
	};
	rootObject = 62DAA7932A30074D00EBCDAC /* Project object */;
}
